// !$*UTF8*$!
{
	archiveVersion = 1;
	classes = {
	};
	objectVersion = 45;
	objects = {

/* Begin PBXBuildFile section */
		E14061B7159D449000D99541 /* AppKit.framework in Frameworks */ = {isa = PBXBuildFile; fileRef = E14061B6159D449000D99541 /* AppKit.framework */; };
		E1D3CFAA12AFFB7F00CBB79E /* imagesize.m in Sources */ = {isa = PBXBuildFile; fileRef = 08FB7796FE84155DC02AAC07 /* imagesize.m */; };
/* End PBXBuildFile section */

/* Begin PBXFileReference section */
		08FB7796FE84155DC02AAC07 /* imagesize.m */ = {isa = PBXFileReference; fileEncoding = 4; lastKnownFileType = sourcecode.c.objc; path = imagesize.m; sourceTree = "<group>"; };
		08FB779EFE84155DC02AAC07 /* Foundation.framework */ = {isa = PBXFileReference; lastKnownFileType = wrapper.framework; name = Foundation.framework; path = /System/Library/Frameworks/Foundation.framework; sourceTree = "<absolute>"; };
		E14061B6159D449000D99541 /* AppKit.framework */ = {isa = PBXFileReference; lastKnownFileType = wrapper.framework; name = AppKit.framework; path = System/Library/Frameworks/AppKit.framework; sourceTree = SDKROOT; };
		E18587D81279B93100FB6A47 /* README */ = {isa = PBXFileReference; fileEncoding = 4; lastKnownFileType = text; path = README; sourceTree = "<group>"; };
		E1E20D0B12B09283005A6A64 /* imagesize */ = {isa = PBXFileReference; explicitFileType = "compiled.mach-o.executable"; includeInIndex = 0; path = imagesize; sourceTree = BUILT_PRODUCTS_DIR; };
/* End PBXFileReference section */

/* Begin PBXFrameworksBuildPhase section */
		E1D3CF6912AFEE3800CBB79E /* Frameworks */ = {
			isa = PBXFrameworksBuildPhase;
			buildActionMask = 2147483647;
			files = (
				E14061B7159D449000D99541 /* AppKit.framework in Frameworks */,
			);
			runOnlyForDeploymentPostprocessing = 0;
		};
/* End PBXFrameworksBuildPhase section */

/* Begin PBXGroup section */
		08FB7794FE84155DC02AAC07 /* font_info */ = {
			isa = PBXGroup;
			children = (
				08FB7795FE84155DC02AAC07 /* Source */,
				E18587DD1279B93600FB6A47 /* Documentation */,
				08FB779DFE84155DC02AAC07 /* External Frameworks and Libraries */,
				1AB674ADFE9D54B511CA2CBB /* Products */,
			);
			name = font_info;
			sourceTree = "<group>";
		};
		08FB7795FE84155DC02AAC07 /* Source */ = {
			isa = PBXGroup;
			children = (
				08FB7796FE84155DC02AAC07 /* imagesize.m */,
			);
			name = Source;
			sourceTree = "<group>";
		};
		08FB779DFE84155DC02AAC07 /* External Frameworks and Libraries */ = {
			isa = PBXGroup;
			children = (
				08FB779EFE84155DC02AAC07 /* Foundation.framework */,
				E14061B6159D449000D99541 /* AppKit.framework */,
			);
			name = "External Frameworks and Libraries";
			sourceTree = "<group>";
		};
		1AB674ADFE9D54B511CA2CBB /* Products */ = {
			isa = PBXGroup;
			children = (
				E1E20D0B12B09283005A6A64 /* imagesize */,
			);
			name = Products;
			sourceTree = "<group>";
		};
		E18587DD1279B93600FB6A47 /* Documentation */ = {
			isa = PBXGroup;
			children = (
				E18587D81279B93100FB6A47 /* README */,
			);
			name = Documentation;
			sourceTree = "<group>";
		};
/* End PBXGroup section */

/* Begin PBXNativeTarget section */
		E1D3CF6A12AFEE3800CBB79E /* imagesize */ = {
			isa = PBXNativeTarget;
			buildConfigurationList = E1D3CF6F12AFEE3B00CBB79E /* Build configuration list for PBXNativeTarget "imagesize" */;
			buildPhases = (
				E1D3CF6812AFEE3800CBB79E /* Sources */,
				E1D3CF6912AFEE3800CBB79E /* Frameworks */,
				E180EE7A15AB561300757AC7 /* ShellScript */,
			);
			buildRules = (
			);
			dependencies = (
			);
			name = imagesize;
			productName = font_info;
			productReference = E1E20D0B12B09283005A6A64 /* imagesize */;
			productType = "com.apple.product-type.tool";
		};
/* End PBXNativeTarget section */

/* Begin PBXProject section */
		08FB7793FE84155DC02AAC07 /* Project object */ = {
			isa = PBXProject;
			buildConfigurationList = 1DEB927808733DD40010E9CD /* Build configuration list for PBXProject "imagesize" */;
			compatibilityVersion = "Xcode 3.1";
			developmentRegion = English;
			hasScannedForEncodings = 1;
			knownRegions = (
				English,
				Japanese,
				French,
				German,
			);
			mainGroup = 08FB7794FE84155DC02AAC07 /* font_info */;
			projectDirPath = "";
			projectRoot = "";
			targets = (
				E1D3CF6A12AFEE3800CBB79E /* imagesize */,
			);
		};
/* End PBXProject section */

/* Begin PBXShellScriptBuildPhase section */
		E180EE7A15AB561300757AC7 /* ShellScript */ = {
			isa = PBXShellScriptBuildPhase;
			buildActionMask = 12;
			files = (
			);
			inputPaths = (
			);
			outputPaths = (
			);
			runOnlyForDeploymentPostprocessing = 0;
			shellPath = /bin/bash;
			shellScript = "if [[ -d \"$CAPP_BUILD\"/Debug/CommonJS/cappuccino/bin ]]; then\n\tcp \"$SYMROOT/$CONFIGURATION/$PRODUCT_NAME\" \"$CAPP_BUILD\"/Debug/CommonJS/cappuccino/bin\nfi\n\nif [[ -d \"$CAPP_BUILD\"/Release/CommonJS/cappuccino/bin ]]; then\n\tcp \"$SYMROOT/$CONFIGURATION/$PRODUCT_NAME\" \"$CAPP_BUILD\"/Release/CommonJS/cappuccino/bin\nfi\n";
			showEnvVarsInLog = 0;
		};
/* End PBXShellScriptBuildPhase section */

/* Begin PBXSourcesBuildPhase section */
		E1D3CF6812AFEE3800CBB79E /* Sources */ = {
			isa = PBXSourcesBuildPhase;
			buildActionMask = 2147483647;
			files = (
				E1D3CFAA12AFFB7F00CBB79E /* imagesize.m in Sources */,
			);
			runOnlyForDeploymentPostprocessing = 0;
		};
/* End PBXSourcesBuildPhase section */

/* Begin XCBuildConfiguration section */
		1DEB927908733DD40010E9CD /* Debug */ = {
			isa = XCBuildConfiguration;
			buildSettings = {
				ARCHS = "$(NATIVE_ARCH_ACTUAL)";
				CONFIGURATION_BUILD_DIR = "$(BUILD_DIR)";
				CONFIGURATION_TEMP_DIR = "$(CAPP_BUILD)";
				GCC_C_LANGUAGE_STANDARD = gnu99;
				GCC_OPTIMIZATION_LEVEL = 0;
				GCC_PRECOMPILE_PREFIX_HEADER = NO;
				GCC_PREFIX_HEADER = "";
				GCC_WARN_ABOUT_RETURN_TYPE = YES;
				GCC_WARN_UNUSED_VARIABLE = YES;
				OBJROOT = "$(CAPP_BUILD)";
				ONLY_ACTIVE_ARCH = YES;
				OTHER_LDFLAGS = (
					"-framework",
					Foundation,
					"-framework",
					AppKit,
				);
				PREBINDING = NO;
				PRODUCT_NAME = imagesize;
				SYMROOT = "$(CAPP_BUILD)/Debug/CommonJS/cappuccino/bin";
			};
			name = Debug;
		};
		1DEB927A08733DD40010E9CD /* Release */ = {
			isa = XCBuildConfiguration;
			buildSettings = {
				ARCHS = "$(NATIVE_ARCH_ACTUAL)";
				GCC_C_LANGUAGE_STANDARD = gnu99;
				GCC_PRECOMPILE_PREFIX_HEADER = NO;
				GCC_PREFIX_HEADER = "";
				GCC_WARN_ABOUT_RETURN_TYPE = YES;
				GCC_WARN_UNUSED_VARIABLE = YES;
				ONLY_ACTIVE_ARCH = NO;
				PREBINDING = NO;
				PRODUCT_NAME = imagesize;
			};
			name = Release;
		};
		E1D3CF6D12AFEE3900CBB79E /* Debug */ = {
			isa = XCBuildConfiguration;
			buildSettings = {
				PRODUCT_NAME = imagesize;
			};
			name = Debug;
		};
		E1D3CF6E12AFEE3900CBB79E /* Release */ = {
			isa = XCBuildConfiguration;
			buildSettings = {
				PRODUCT_NAME = imagesize;
			};
			name = Release;
		};
/* End XCBuildConfiguration section */

/* Begin XCConfigurationList section */
		1DEB927808733DD40010E9CD /* Build configuration list for PBXProject "imagesize" */ = {
			isa = XCConfigurationList;
			buildConfigurations = (
				1DEB927908733DD40010E9CD /* Debug */,
				1DEB927A08733DD40010E9CD /* Release */,
			);
			defaultConfigurationIsVisible = 0;
			defaultConfigurationName = Release;
		};
		E1D3CF6F12AFEE3B00CBB79E /* Build configuration list for PBXNativeTarget "imagesize" */ = {
			isa = XCConfigurationList;
			buildConfigurations = (
				E1D3CF6D12AFEE3900CBB79E /* Debug */,
				E1D3CF6E12AFEE3900CBB79E /* Release */,
			);
			defaultConfigurationIsVisible = 0;
			defaultConfigurationName = Release;
		};
/* End XCConfigurationList section */
	};
	rootObject = 08FB7793FE84155DC02AAC07 /* Project object */;
}
