{
  "name": "@objj/cappuccino",
  "version": "1.3.1",
  "lockfileVersion": 2,
  "requires": true,
  "packages": {
    "": {
      "name": "@objj/cappuccino",
      "version": "1.3.1",
      "license": "LGPL-2.1-or-later",
      "dependencies": {
        "@objj/jake": "latest",
        "@objj/ojtest": "latest",
        "@objj/runtime": "^1.2.2",
        "acorn-walk": "^8.2.0",
        "terser": "^5.14.2"
      },
      "bin": {
        "capp": "dist/cappuccino/bin/capp",
        "cib-dump": "dist/cappuccino/bin/cib-dump",
        "flatten": "dist/cappuccino/bin/flatten",
        "fontinfo": "dist/cappuccino/bin/fontinfo",
        "imagesize": "dist/cappuccino/bin/imagesize",
        "jake": "dist/cappuccino/bin/jake",
        "nib2cib": "dist/cappuccino/bin/nib2cib",
        "objj": "dist/objective-j/bin/objj",
        "objj2objcskeleton": "dist/cappuccino/bin/objj2objcskeleton",
        "ojdepcheck": "dist/cappuccino/bin/ojdepcheck",
        "ojtest": "dist/cappuccino/bin/ojtest",
        "press": "dist/cappuccino/bin/press"
      },
      "devDependencies": {
        "@objj/cappuccino": "file:."
      },
      "engines": {
        "node": ">=14.0.0"
      }
    },
    "node_modules/@jridgewell/gen-mapping": {
      "version": "0.3.2",
      "resolved": "https://registry.npmjs.org/@jridgewell/gen-mapping/-/gen-mapping-0.3.2.tgz",
      "integrity": "sha512-mh65xKQAzI6iBcFzwv28KVWSmCkdRBWoOh+bYQGW3+6OZvbbN3TqMGo5hqYxQniRcH9F2VZIoJCm4pa3BPDK/A==",
      "dependencies": {
        "@jridgewell/set-array": "^1.0.1",
        "@jridgewell/sourcemap-codec": "^1.4.10",
        "@jridgewell/trace-mapping": "^0.3.9"
      },
      "engines": {
        "node": ">=6.0.0"
      }
    },
    "node_modules/@jridgewell/resolve-uri": {
      "version": "3.1.0",
      "resolved": "https://registry.npmjs.org/@jridgewell/resolve-uri/-/resolve-uri-3.1.0.tgz",
      "integrity": "sha512-F2msla3tad+Mfht5cJq7LSXcdudKTWCVYUgw6pLFOOHSTtZlj6SWNYAp+AhuqLmWdBO2X5hPrLcu8cVP8fy28w==",
      "engines": {
        "node": ">=6.0.0"
      }
    },
    "node_modules/@jridgewell/set-array": {
      "version": "1.1.2",
      "resolved": "https://registry.npmjs.org/@jridgewell/set-array/-/set-array-1.1.2.tgz",
      "integrity": "sha512-xnkseuNADM0gt2bs+BvhO0p78Mk762YnZdsuzFV018NoG1Sj1SCQvpSqa7XUaTam5vAGasABV9qXASMKnFMwMw==",
      "engines": {
        "node": ">=6.0.0"
      }
    },
    "node_modules/@jridgewell/source-map": {

      "version": "0.3.2",
      "resolved": "https://registry.npmjs.org/@jridgewell/source-map/-/source-map-0.3.2.tgz",
      "integrity": "sha512-m7O9o2uR8k2ObDysZYzdfhb08VuEml5oWGiosa1VdaPZ/A6QyPkAJuwN0Q1lhULOf6B7MtQmHENS743hWtCrgw==",
      "dependencies": {
        "@jridgewell/gen-mapping": "^0.3.0",
        "@jridgewell/trace-mapping": "^0.3.9"
      }
    },
    "node_modules/@jridgewell/sourcemap-codec": {
      "version": "1.4.14",
      "resolved": "https://registry.npmjs.org/@jridgewell/sourcemap-codec/-/sourcemap-codec-1.4.14.tgz",
      "integrity": "sha512-XPSJHWmi394fuUuzDnGz1wiKqWfo1yXecHQMRf2l6hztTO+nPru658AyDngaBe7isIxEkRsPR3FZh+s7iVa4Uw=="
    },
    "node_modules/@jridgewell/trace-mapping": {
      "version": "0.3.15",
      "resolved": "https://registry.npmjs.org/@jridgewell/trace-mapping/-/trace-mapping-0.3.15.tgz",
      "integrity": "sha512-oWZNOULl+UbhsgB51uuZzglikfIKSUBO/M9W2OfEjn7cmqoAiCgmv9lyACTUacZwBz0ITnJ2NqjU8Tx0DHL88g==",
      "dependencies": {
        "@jridgewell/resolve-uri": "^3.0.3",
        "@jridgewell/sourcemap-codec": "^1.4.10"
      }
    },
    "node_modules/@objj/cappuccino": {
      "resolved": "",
      "link": true
    },
    "node_modules/@objj/jake": {
      "version": "1.1.6",
      "resolved": "https://registry.npmjs.org/@objj/jake/-/jake-1.1.6.tgz",
      "integrity": "sha512-mc95h489V7VBV8HPUdwiFuzY075EZhgyWV3XhHUGIjsTqYCutSRPHhpZybENTq1yzyBDfCEZOBmswNjBETcJFQ==",
      "dependencies": {
        "@objj/utils": "latest"
      },
      "bin": {
        "jake": "bin/jake"
      }
    },
    "node_modules/@objj/ojtest": {
      "version": "1.0.3",
      "resolved": "https://registry.npmjs.org/@objj/ojtest/-/ojtest-1.0.3.tgz",
      "integrity": "sha512-T87JtTVJnXcxWdVHchJwrHuQPZLp0mh4MXCOpoMGffKSU2jbL7l+uxK6KPWRMW/ajjQL/aE5dJKguJohmmYtRg==",
      "bin": {
        "ojtest": "bin/ojtest"
      },
      "engines": {
        "node": ">=14.0.0"
      }
    },
    "node_modules/@objj/runtime": {
      "version": "1.2.2",
      "resolved": "https://registry.npmjs.org/@objj/runtime/-/runtime-1.2.2.tgz",
      "integrity": "sha512-poQX4rUBNs6t/nqX2wSMxVo6ad5SshIpMeefgJVRTTP+MUvyjf5ppF5BeVwHVH8HHaJKoXd9XHedZ9vcVlQJWg==",
      "dependencies": {
        "@objj/utils": ">=1.0.23",
        "@xmldom/xmldom": ">=0.8.10",
        "objj-transpiler": "^1.0.0-1",
        "readline-history": ">=1.2.0",
        "xmlhttprequest-ssl": "^2.0.0"
      },
      "bin": {
        "objj": "bin/objj"
      },
      "engines": {
        "node": ">=14.0.0"
      }
    },
    "node_modules/@objj/utils": {
      "version": "1.0.24",
      "resolved": "https://registry.npmjs.org/@objj/utils/-/utils-1.0.24.tgz",
      "integrity": "sha512-KzthoKXSs3LcWDWfl27p/rOCoejcxyy/4DgbacjcxiowJJXa+QMmIsjZ/fcg9lcn13jL0gB4c1x1kGPfrrsZPw=="
    },
    "node_modules/@xmldom/xmldom": {
      "version": "0.8.10",
      "resolved": "https://registry.npmjs.org/@xmldom/xmldom/-/xmldom-0.8.10.tgz",
      "integrity": "sha512-2WALfTl4xo2SkGCYRt6rDTFfk9R1czmBvUQy12gK2KuRKIpWEhcbbzy8EZXtz/jkRqHX8bFEc6FC1HjX4TUWYw==",
      "engines": {
        "node": ">=10.0.0"
      }
    },
    "node_modules/acorn": {
      "version": "8.8.0",
      "resolved": "https://registry.npmjs.org/acorn/-/acorn-8.8.0.tgz",
      "integrity": "sha512-QOxyigPVrpZ2GXT+PFyZTl6TtOFc5egxHIP9IlQ+RbupQuX4RkT/Bee4/kQuC02Xkzg84JcT7oLYtDIQxp+v7w==",
      "bin": {
        "acorn": "bin/acorn"
      },
      "engines": {
        "node": ">=0.4.0"
      }
    },
    "node_modules/acorn-walk": {
      "version": "8.2.0",
      "resolved": "https://registry.npmjs.org/acorn-walk/-/acorn-walk-8.2.0.tgz",
      "integrity": "sha512-k+iyHEuPgSw6SbuDpGQM+06HQUa04DZ3o+F6CSzXMvvI5KMvnaEqXe+YVe555R9nn6GPt404fos4wcgpw12SDA==",
      "engines": {
        "node": ">=0.4.0"
      }
    },
    "node_modules/amdefine": {
      "version": "1.0.1",
      "resolved": "https://registry.npmjs.org/amdefine/-/amdefine-1.0.1.tgz",
      "integrity": "sha512-S2Hw0TtNkMJhIabBwIojKL9YHO5T0n5eNqWJ7Lrlel/zDbftQpxpapi8tZs3X1HWa+u+QeydGmzzNU0m09+Rcg==",
      "engines": {
        "node": ">=0.4.2"
      }
    },
    "node_modules/buffer-from": {
      "version": "1.1.2",
      "resolved": "https://registry.npmjs.org/buffer-from/-/buffer-from-1.1.2.tgz",
      "integrity": "sha512-E+XQCRwSbaaiChtv6k6Dwgc+bx+Bs6vuKJHHl5kox/BaKbhiXzqQOwK4cO22yElGp2OCmjwVhT3HmxgyPGnJfQ=="
    },
    "node_modules/commander": {
      "version": "2.20.3",
      "resolved": "https://registry.npmjs.org/commander/-/commander-2.20.3.tgz",
      "integrity": "sha512-GpVkmM8vF2vQUkj2LvZmD35JxeJOLCwJ9cUkugyk2nuhbv3+mJvpLYYt+0+USMxE+oj+ey/lJEnhZw75x/OMcQ=="
    },
    "node_modules/objj-parser": {
      "version": "1.0.0-4",
      "resolved": "https://registry.npmjs.org/objj-parser/-/objj-parser-1.0.0-4.tgz",
      "integrity": "sha512-W+38550qhkTZOb6MkZBqnBwMX3PPMbVa5n2trTmWHPU4RlNgE+sV0l9CagBzcFVnXD1cmhnmTNLbF5XAg+DRKA==",
      "bin": {
        "objj-parser": "bin/objj-parser"
      },
      "engines": {
        "node": ">=1.0.0"
      }
    },
    "node_modules/objj-transpiler": {

      "version": "1.0.0-3",
      "resolved": "https://registry.npmjs.org/objj-transpiler/-/objj-transpiler-1.0.0-3.tgz",
      "integrity": "sha512-CGCs64MCNhXeAuWXZx7yT/UDTZO99t1Jxw/Z+Ec+8eYdzOxEsDfV+YRYrwvZ4ZIpM9uX7CuWHLhcJe2PWacX3w==",
      "dependencies": {
        "acorn-walk": "8.2.0",
        "objj-parser": "^1.0.0-1",
        "source-map": "0.4.x"
      },
      "bin": {
        "objjc": "bin/objjc.js"
      },
      "engines": {
        "node": ">=0.10.0"
      }
    },
    "node_modules/readline-history": {
      "version": "1.2.0",
      "resolved": "https://registry.npmjs.org/readline-history/-/readline-history-1.2.0.tgz",
      "integrity": "sha512-8R0Vr9jhdtqYSdWGpAvkEopvuPKjAlYELIKoa7+7FO2CBN/b88rYB9r9gFSNtdCUHdAOJslj0KDG75MsiozXIQ=="
    },
    "node_modules/source-map": {
      "version": "0.4.4",
      "resolved": "https://registry.npmjs.org/source-map/-/source-map-0.4.4.tgz",
      "integrity": "sha512-Y8nIfcb1s/7DcobUz1yOO1GSp7gyL+D9zLHDehT7iRESqGSxjJ448Sg7rvfgsRJCnKLdSl11uGf0s9X80cH0/A==",
      "dependencies": {
        "amdefine": ">=0.0.4"
      },
      "engines": {
        "node": ">=0.8.0"
      }
    },
    "node_modules/source-map-support": {
      "version": "0.5.21",
      "resolved": "https://registry.npmjs.org/source-map-support/-/source-map-support-0.5.21.tgz",
      "integrity": "sha512-uBHU3L3czsIyYXKX88fdrGovxdSCoTGDRZ6SYXtSRxLZUzHg5P/66Ht6uoUlHu9EZod+inXhKo3qQgwXUT/y1w==",
      "dependencies": {
        "buffer-from": "^1.0.0",
        "source-map": "^0.6.0"
      }
    },
    "node_modules/source-map-support/node_modules/source-map": {
      "version": "0.6.1",
      "resolved": "https://registry.npmjs.org/source-map/-/source-map-0.6.1.tgz",
      "integrity": "sha512-UjgapumWlbMhkBgzT7Ykc5YXUT46F0iKu8SGXq0bcwP5dz/h0Plj6enJqjz1Zbq2l5WaqYnrVbwWOWMyF3F47g==",
      "engines": {
        "node": ">=0.10.0"
      }
    },
    "node_modules/terser": {
      "version": "5.15.0",
      "resolved": "https://registry.npmjs.org/terser/-/terser-5.15.0.tgz",
      "integrity": "sha512-L1BJiXVmheAQQy+as0oF3Pwtlo4s3Wi1X2zNZ2NxOB4wx9bdS9Vk67XQENLFdLYGCK/Z2di53mTj/hBafR+dTA==",
      "dependencies": {
        "@jridgewell/source-map": "^0.3.2",
        "acorn": "^8.5.0",
        "commander": "^2.20.0",
        "source-map-support": "~0.5.20"
      },
      "bin": {
        "terser": "bin/terser"
      },
      "engines": {
        "node": ">=10"
      }
    },
    "node_modules/xmlhttprequest-ssl": {
      "version": "2.1.1",
      "resolved": "https://registry.npmjs.org/xmlhttprequest-ssl/-/xmlhttprequest-ssl-2.1.1.tgz",
      "integrity": "sha512-ptjR8YSJIXoA3Mbv5po7RtSYHO6mZr8s7i5VGmEk7QY2pQWyT1o0N+W1gKbOyJPUCGXGnuw0wqe8f0L6Y0ny7g==",
      "engines": {
        "node": ">=0.4.0"
      }
    }
  },
  "dependencies": {
    "@jridgewell/gen-mapping": {
      "version": "0.3.2",
      "resolved": "https://registry.npmjs.org/@jridgewell/gen-mapping/-/gen-mapping-0.3.2.tgz",
      "integrity": "sha512-mh65xKQAzI6iBcFzwv28KVWSmCkdRBWoOh+bYQGW3+6OZvbbN3TqMGo5hqYxQniRcH9F2VZIoJCm4pa3BPDK/A==",
      "requires": {
        "@jridgewell/set-array": "^1.0.1",
        "@jridgewell/sourcemap-codec": "^1.4.10",
        "@jridgewell/trace-mapping": "^0.3.9"
      }
    },
    "@jridgewell/resolve-uri": {
      "version": "3.1.0",
      "resolved": "https://registry.npmjs.org/@jridgewell/resolve-uri/-/resolve-uri-3.1.0.tgz",
      "integrity": "sha512-F2msla3tad+Mfht5cJq7LSXcdudKTWCVYUgw6pLFOOHSTtZlj6SWNYAp+AhuqLmWdBO2X5hPrLcu8cVP8fy28w=="
    },
    "@jridgewell/set-array": {
      "version": "1.1.2",
      "resolved": "https://registry.npmjs.org/@jridgewell/set-array/-/set-array-1.1.2.tgz",
      "integrity": "sha512-xnkseuNADM0gt2bs+BvhO0p78Mk762YnZdsuzFV018NoG1Sj1SCQvpSqa7XUaTam5vAGasABV9qXASMKnFMwMw=="
    },
    "@jridgewell/source-map": {
      "version": "0.3.2",
      "resolved": "https://registry.npmjs.org/@jridgewell/source-map/-/source-map-0.3.2.tgz",
      "integrity": "sha512-m7O9o2uR8k2ObDysZYzdfhb08VuEml5oWGiosa1VdaPZ/A6QyPkAJuwN0Q1lhULOf6B7MtQmHENS743hWtCrgw==",
      "requires": {
        "@jridgewell/gen-mapping": "^0.3.0",
        "@jridgewell/trace-mapping": "^0.3.9"
      }
    },
    "@jridgewell/sourcemap-codec": {
      "version": "1.4.14",
      "resolved": "https://registry.npmjs.org/@jridgewell/sourcemap-codec/-/sourcemap-codec-1.4.14.tgz",
      "integrity": "sha512-XPSJHWmi394fuUuzDnGz1wiKqWfo1yXecHQMRf2l6hztTO+nPru658AyDngaBe7isIxEkRsPR3FZh+s7iVa4Uw=="
    },
    "@jridgewell/trace-mapping": {
      "version": "0.3.15",
      "resolved": "https://registry.npmjs.org/@jridgewell/trace-mapping/-/trace-mapping-0.3.15.tgz",
      "integrity": "sha512-oWZNOULl+UbhsgB51uuZzglikfIKSUBO/M9W2OfEjn7cmqoAiCgmv9lyACTUacZwBz0ITnJ2NqjU8Tx0DHL88g==",
      "requires": {
        "@jridgewell/resolve-uri": "^3.0.3",
        "@jridgewell/sourcemap-codec": "^1.4.10"
      }
    },
    "@objj/cappuccino": {
      "version": "file:",
      "requires": {
        "@objj/cappuccino": "file:",
        "@objj/jake": "latest",
        "@objj/ojtest": "latest",
        "@objj/runtime": "^1.2.2",
        "acorn-walk": "^8.2.0",
        "terser": "^5.14.2"
      },
      "dependencies": {
        "@jridgewell/gen-mapping": {
          "version": "0.3.2",
          "resolved": "https://registry.npmjs.org/@jridgewell/gen-mapping/-/gen-mapping-0.3.2.tgz",
          "integrity": "sha512-mh65xKQAzI6iBcFzwv28KVWSmCkdRBWoOh+bYQGW3+6OZvbbN3TqMGo5hqYxQniRcH9F2VZIoJCm4pa3BPDK/A==",
          "requires": {
            "@jridgewell/set-array": "^1.0.1",
            "@jridgewell/sourcemap-codec": "^1.4.10",
            "@jridgewell/trace-mapping": "^0.3.9"
          }
        },
        "@jridgewell/resolve-uri": {
          "version": "3.1.0",
          "resolved": "https://registry.npmjs.org/@jridgewell/resolve-uri/-/resolve-uri-3.1.0.tgz",
          "integrity": "sha512-F2msla3tad+Mfht5cJq7LSXcdudKTWCVYUgw6pLFOOHSTtZlj6SWNYAp+AhuqLmWdBO2X5hPrLcu8cVP8fy28w=="
        },
        "@jridgewell/set-array": {
          "version": "1.1.2",
          "resolved": "https://registry.npmjs.org/@jridgewell/set-array/-/set-array-1.1.2.tgz",
          "integrity": "sha512-xnkseuNADM0gt2bs+BvhO0p78Mk762YnZdsuzFV018NoG1Sj1SCQvpSqa7XUaTam5vAGasABV9qXASMKnFMwMw=="
        },
        "@jridgewell/source-map": {
          "version": "0.3.2",
          "resolved": "https://registry.npmjs.org/@jridgewell/source-map/-/source-map-0.3.2.tgz",
          "integrity": "sha512-m7O9o2uR8k2ObDysZYzdfhb08VuEml5oWGiosa1VdaPZ/A6QyPkAJuwN0Q1lhULOf6B7MtQmHENS743hWtCrgw==",
          "requires": {
            "@jridgewell/gen-mapping": "^0.3.0",
            "@jridgewell/trace-mapping": "^0.3.9"
          }
        },
        "@jridgewell/sourcemap-codec": {
          "version": "1.4.14",
          "resolved": "https://registry.npmjs.org/@jridgewell/sourcemap-codec/-/sourcemap-codec-1.4.14.tgz",
          "integrity": "sha512-XPSJHWmi394fuUuzDnGz1wiKqWfo1yXecHQMRf2l6hztTO+nPru658AyDngaBe7isIxEkRsPR3FZh+s7iVa4Uw=="
        },
        "@jridgewell/trace-mapping": {
          "version": "0.3.15",
          "resolved": "https://registry.npmjs.org/@jridgewell/trace-mapping/-/trace-mapping-0.3.15.tgz",
          "integrity": "sha512-oWZNOULl+UbhsgB51uuZzglikfIKSUBO/M9W2OfEjn7cmqoAiCgmv9lyACTUacZwBz0ITnJ2NqjU8Tx0DHL88g==",
          "requires": {
            "@jridgewell/resolve-uri": "^3.0.3",
            "@jridgewell/sourcemap-codec": "^1.4.10"
          }
        },
        "@objj/jake": {
          "version": "1.1.6",
          "resolved": "https://registry.npmjs.org/@objj/jake/-/jake-1.1.6.tgz",
          "integrity": "sha512-mc95h489V7VBV8HPUdwiFuzY075EZhgyWV3XhHUGIjsTqYCutSRPHhpZybENTq1yzyBDfCEZOBmswNjBETcJFQ==",
          "requires": {
            "@objj/utils": "latest"
          }
        },
        "@objj/ojtest": {
          "version": "1.0.3",
          "resolved": "https://registry.npmjs.org/@objj/ojtest/-/ojtest-1.0.3.tgz",
          "integrity": "sha512-T87JtTVJnXcxWdVHchJwrHuQPZLp0mh4MXCOpoMGffKSU2jbL7l+uxK6KPWRMW/ajjQL/aE5dJKguJohmmYtRg=="
        },
        "@objj/runtime": {
          "version": "1.2.2",
          "resolved": "https://registry.npmjs.org/@objj/runtime/-/runtime-1.2.2.tgz",
          "integrity": "sha512-poQX4rUBNs6t/nqX2wSMxVo6ad5SshIpMeefgJVRTTP+MUvyjf5ppF5BeVwHVH8HHaJKoXd9XHedZ9vcVlQJWg==",
          "requires": {
            "@objj/utils": ">=1.0.23",
            "@xmldom/xmldom": ">=0.8.10",
            "objj-transpiler": "^1.0.0-1",
            "readline-history": ">=1.2.0",
            "xmlhttprequest-ssl": "^2.0.0"
          }
        },
        "@objj/utils": {
          "version": "1.0.24",
          "resolved": "https://registry.npmjs.org/@objj/utils/-/utils-1.0.24.tgz",
          "integrity": "sha512-KzthoKXSs3LcWDWfl27p/rOCoejcxyy/4DgbacjcxiowJJXa+QMmIsjZ/fcg9lcn13jL0gB4c1x1kGPfrrsZPw=="
        },
        "@xmldom/xmldom": {
          "version": "0.8.10",
          "resolved": "https://registry.npmjs.org/@xmldom/xmldom/-/xmldom-0.8.10.tgz",
          "integrity": "sha512-2WALfTl4xo2SkGCYRt6rDTFfk9R1czmBvUQy12gK2KuRKIpWEhcbbzy8EZXtz/jkRqHX8bFEc6FC1HjX4TUWYw=="
        },
        "acorn": {
          "version": "8.8.0",
          "resolved": "https://registry.npmjs.org/acorn/-/acorn-8.8.0.tgz",
          "integrity": "sha512-QOxyigPVrpZ2GXT+PFyZTl6TtOFc5egxHIP9IlQ+RbupQuX4RkT/Bee4/kQuC02Xkzg84JcT7oLYtDIQxp+v7w=="
        },
        "acorn-walk": {
          "version": "8.2.0",
          "resolved": "https://registry.npmjs.org/acorn-walk/-/acorn-walk-8.2.0.tgz",
          "integrity": "sha512-k+iyHEuPgSw6SbuDpGQM+06HQUa04DZ3o+F6CSzXMvvI5KMvnaEqXe+YVe555R9nn6GPt404fos4wcgpw12SDA=="
        },
        "amdefine": {
          "version": "1.0.1",
          "resolved": "https://registry.npmjs.org/amdefine/-/amdefine-1.0.1.tgz",
          "integrity": "sha512-S2Hw0TtNkMJhIabBwIojKL9YHO5T0n5eNqWJ7Lrlel/zDbftQpxpapi8tZs3X1HWa+u+QeydGmzzNU0m09+Rcg=="
        },
        "buffer-from": {
          "version": "1.1.2",
          "resolved": "https://registry.npmjs.org/buffer-from/-/buffer-from-1.1.2.tgz",
          "integrity": "sha512-E+XQCRwSbaaiChtv6k6Dwgc+bx+Bs6vuKJHHl5kox/BaKbhiXzqQOwK4cO22yElGp2OCmjwVhT3HmxgyPGnJfQ=="
        },
        "commander": {
          "version": "2.20.3",
          "resolved": "https://registry.npmjs.org/commander/-/commander-2.20.3.tgz",
          "integrity": "sha512-GpVkmM8vF2vQUkj2LvZmD35JxeJOLCwJ9cUkugyk2nuhbv3+mJvpLYYt+0+USMxE+oj+ey/lJEnhZw75x/OMcQ=="
        },
        "objj-parser": {
          "version": "1.0.0-4",
          "resolved": "https://registry.npmjs.org/objj-parser/-/objj-parser-1.0.0-4.tgz",
          "integrity": "sha512-W+38550qhkTZOb6MkZBqnBwMX3PPMbVa5n2trTmWHPU4RlNgE+sV0l9CagBzcFVnXD1cmhnmTNLbF5XAg+DRKA=="
        },
        "objj-transpiler": {
          "version": "1.0.0-3",
          "resolved": "https://registry.npmjs.org/objj-transpiler/-/objj-transpiler-1.0.0-3.tgz",
          "integrity": "sha512-CGCs64MCNhXeAuWXZx7yT/UDTZO99t1Jxw/Z+Ec+8eYdzOxEsDfV+YRYrwvZ4ZIpM9uX7CuWHLhcJe2PWacX3w==",
          "requires": {
            "acorn-walk": "8.2.0",
            "objj-parser": "^1.0.0-1",
            "source-map": "0.4.x"
          }
        },
        "readline-history": {
          "version": "1.2.0",
          "resolved": "https://registry.npmjs.org/readline-history/-/readline-history-1.2.0.tgz",
          "integrity": "sha512-8R0Vr9jhdtqYSdWGpAvkEopvuPKjAlYELIKoa7+7FO2CBN/b88rYB9r9gFSNtdCUHdAOJslj0KDG75MsiozXIQ=="
        },
        "source-map": {
          "version": "0.4.4",
          "resolved": "https://registry.npmjs.org/source-map/-/source-map-0.4.4.tgz",
          "integrity": "sha512-Y8nIfcb1s/7DcobUz1yOO1GSp7gyL+D9zLHDehT7iRESqGSxjJ448Sg7rvfgsRJCnKLdSl11uGf0s9X80cH0/A==",
          "requires": {
            "amdefine": ">=0.0.4"
          }
        },
        "source-map-support": {
          "version": "0.5.21",
          "resolved": "https://registry.npmjs.org/source-map-support/-/source-map-support-0.5.21.tgz",
          "integrity": "sha512-uBHU3L3czsIyYXKX88fdrGovxdSCoTGDRZ6SYXtSRxLZUzHg5P/66Ht6uoUlHu9EZod+inXhKo3qQgwXUT/y1w==",
          "requires": {
            "buffer-from": "^1.0.0",
            "source-map": "^0.6.0"
          },
          "dependencies": {
            "source-map": {
              "version": "0.6.1",
              "resolved": "https://registry.npmjs.org/source-map/-/source-map-0.6.1.tgz",
              "integrity": "sha512-UjgapumWlbMhkBgzT7Ykc5YXUT46F0iKu8SGXq0bcwP5dz/h0Plj6enJqjz1Zbq2l5WaqYnrVbwWOWMyF3F47g=="
            }
          }
        },
        "terser": {
          "version": "5.15.0",
          "resolved": "https://registry.npmjs.org/terser/-/terser-5.15.0.tgz",
          "integrity": "sha512-L1BJiXVmheAQQy+as0oF3Pwtlo4s3Wi1X2zNZ2NxOB4wx9bdS9Vk67XQENLFdLYGCK/Z2di53mTj/hBafR+dTA==",
          "requires": {
            "@jridgewell/source-map": "^0.3.2",
            "acorn": "^8.5.0",
            "commander": "^2.20.0",
            "source-map-support": "~0.5.20"
          }
        },
        "xmlhttprequest-ssl": {
          "version": "2.0.0",
          "resolved": "https://registry.npmjs.org/xmlhttprequest-ssl/-/xmlhttprequest-ssl-2.0.0.tgz",
          "integrity": "sha512-QKxVRxiRACQcVuQEYFsI1hhkrMlrXHPegbbd1yn9UHOmRxY+si12nQYzri3vbzt8VdTTRviqcKxcyllFas5z2A=="
        }
      }
    },
    "@objj/jake": {
      "version": "1.1.6",
      "resolved": "https://registry.npmjs.org/@objj/jake/-/jake-1.1.6.tgz",
      "integrity": "sha512-mc95h489V7VBV8HPUdwiFuzY075EZhgyWV3XhHUGIjsTqYCutSRPHhpZybENTq1yzyBDfCEZOBmswNjBETcJFQ==",
      "requires": {
        "@objj/utils": "latest"
      }
    },
    "@objj/ojtest": {
      "version": "1.0.3",
      "resolved": "https://registry.npmjs.org/@objj/ojtest/-/ojtest-1.0.3.tgz",
      "integrity": "sha512-T87JtTVJnXcxWdVHchJwrHuQPZLp0mh4MXCOpoMGffKSU2jbL7l+uxK6KPWRMW/ajjQL/aE5dJKguJohmmYtRg=="
    },
    "@objj/runtime": {
      "version": "1.2.2",
      "resolved": "https://registry.npmjs.org/@objj/runtime/-/runtime-1.2.2.tgz",
      "integrity": "sha512-poQX4rUBNs6t/nqX2wSMxVo6ad5SshIpMeefgJVRTTP+MUvyjf5ppF5BeVwHVH8HHaJKoXd9XHedZ9vcVlQJWg==",
      "requires": {
        "@objj/utils": ">=1.0.23",
        "@xmldom/xmldom": ">=0.8.10",
        "objj-transpiler": "^1.0.0-1",
        "readline-history": ">=1.2.0",
        "xmlhttprequest-ssl": "^2.0.0"
      }
    },
    "@objj/utils": {
      "version": "1.0.24",
      "resolved": "https://registry.npmjs.org/@objj/utils/-/utils-1.0.24.tgz",
      "integrity": "sha512-KzthoKXSs3LcWDWfl27p/rOCoejcxyy/4DgbacjcxiowJJXa+QMmIsjZ/fcg9lcn13jL0gB4c1x1kGPfrrsZPw=="
    },
    "@xmldom/xmldom": {
      "version": "0.8.10",
      "resolved": "https://registry.npmjs.org/@xmldom/xmldom/-/xmldom-0.8.10.tgz",
      "integrity": "sha512-2WALfTl4xo2SkGCYRt6rDTFfk9R1czmBvUQy12gK2KuRKIpWEhcbbzy8EZXtz/jkRqHX8bFEc6FC1HjX4TUWYw=="
    },
    "acorn": {
      "version": "8.8.0",
      "resolved": "https://registry.npmjs.org/acorn/-/acorn-8.8.0.tgz",
      "integrity": "sha512-QOxyigPVrpZ2GXT+PFyZTl6TtOFc5egxHIP9IlQ+RbupQuX4RkT/Bee4/kQuC02Xkzg84JcT7oLYtDIQxp+v7w=="
    },
    "acorn-walk": {
      "version": "8.2.0",
      "resolved": "https://registry.npmjs.org/acorn-walk/-/acorn-walk-8.2.0.tgz",
      "integrity": "sha512-k+iyHEuPgSw6SbuDpGQM+06HQUa04DZ3o+F6CSzXMvvI5KMvnaEqXe+YVe555R9nn6GPt404fos4wcgpw12SDA=="
    },
    "amdefine": {
      "version": "1.0.1",
      "resolved": "https://registry.npmjs.org/amdefine/-/amdefine-1.0.1.tgz",
      "integrity": "sha512-S2Hw0TtNkMJhIabBwIojKL9YHO5T0n5eNqWJ7Lrlel/zDbftQpxpapi8tZs3X1HWa+u+QeydGmzzNU0m09+Rcg=="
    },
    "buffer-from": {
      "version": "1.1.2",
      "resolved": "https://registry.npmjs.org/buffer-from/-/buffer-from-1.1.2.tgz",
      "integrity": "sha512-E+XQCRwSbaaiChtv6k6Dwgc+bx+Bs6vuKJHHl5kox/BaKbhiXzqQOwK4cO22yElGp2OCmjwVhT3HmxgyPGnJfQ=="
    },
    "commander": {
      "version": "2.20.3",
      "resolved": "https://registry.npmjs.org/commander/-/commander-2.20.3.tgz",
      "integrity": "sha512-GpVkmM8vF2vQUkj2LvZmD35JxeJOLCwJ9cUkugyk2nuhbv3+mJvpLYYt+0+USMxE+oj+ey/lJEnhZw75x/OMcQ=="
    },
    "objj-parser": {
      "version": "1.0.0-4",
      "resolved": "https://registry.npmjs.org/objj-parser/-/objj-parser-1.0.0-4.tgz",
      "integrity": "sha512-W+38550qhkTZOb6MkZBqnBwMX3PPMbVa5n2trTmWHPU4RlNgE+sV0l9CagBzcFVnXD1cmhnmTNLbF5XAg+DRKA=="
    },
    "objj-transpiler": {
      "version": "1.0.0-3",
      "resolved": "https://registry.npmjs.org/objj-transpiler/-/objj-transpiler-1.0.0-3.tgz",
      "integrity": "sha512-CGCs64MCNhXeAuWXZx7yT/UDTZO99t1Jxw/Z+Ec+8eYdzOxEsDfV+YRYrwvZ4ZIpM9uX7CuWHLhcJe2PWacX3w==",
      "requires": {
        "acorn-walk": "8.2.0",
        "objj-parser": "^1.0.0-1",
        "source-map": "0.4.x"
      }
    },
    "readline-history": {
      "version": "1.2.0",
      "resolved": "https://registry.npmjs.org/readline-history/-/readline-history-1.2.0.tgz",
      "integrity": "sha512-8R0Vr9jhdtqYSdWGpAvkEopvuPKjAlYELIKoa7+7FO2CBN/b88rYB9r9gFSNtdCUHdAOJslj0KDG75MsiozXIQ=="
    },
    "source-map": {
      "version": "0.4.4",
      "resolved": "https://registry.npmjs.org/source-map/-/source-map-0.4.4.tgz",
      "integrity": "sha512-Y8nIfcb1s/7DcobUz1yOO1GSp7gyL+D9zLHDehT7iRESqGSxjJ448Sg7rvfgsRJCnKLdSl11uGf0s9X80cH0/A==",
      "requires": {
        "amdefine": ">=0.0.4"
      }
    },
    "source-map-support": {
      "version": "0.5.21",
      "resolved": "https://registry.npmjs.org/source-map-support/-/source-map-support-0.5.21.tgz",
      "integrity": "sha512-uBHU3L3czsIyYXKX88fdrGovxdSCoTGDRZ6SYXtSRxLZUzHg5P/66Ht6uoUlHu9EZod+inXhKo3qQgwXUT/y1w==",
      "requires": {
        "buffer-from": "^1.0.0",
        "source-map": "^0.6.0"
      },
      "dependencies": {
        "source-map": {
          "version": "0.6.1",
          "resolved": "https://registry.npmjs.org/source-map/-/source-map-0.6.1.tgz",
          "integrity": "sha512-UjgapumWlbMhkBgzT7Ykc5YXUT46F0iKu8SGXq0bcwP5dz/h0Plj6enJqjz1Zbq2l5WaqYnrVbwWOWMyF3F47g=="
        }
      }
    },
    "terser": {
      "version": "5.15.0",
      "resolved": "https://registry.npmjs.org/terser/-/terser-5.15.0.tgz",
      "integrity": "sha512-L1BJiXVmheAQQy+as0oF3Pwtlo4s3Wi1X2zNZ2NxOB4wx9bdS9Vk67XQENLFdLYGCK/Z2di53mTj/hBafR+dTA==",
      "requires": {
        "@jridgewell/source-map": "^0.3.2",
        "acorn": "^8.5.0",
        "commander": "^2.20.0",
        "source-map-support": "~0.5.20"
      }
    },
    "xmlhttprequest-ssl": {
      "version": "2.0.0",
      "resolved": "https://registry.npmjs.org/xmlhttprequest-ssl/-/xmlhttprequest-ssl-2.0.0.tgz",
      "integrity": "sha512-QKxVRxiRACQcVuQEYFsI1hhkrMlrXHPegbbd1yn9UHOmRxY+si12nQYzri3vbzt8VdTTRviqcKxcyllFas5z2A=="
    }
  }
}
