{
  "name": "@objj/cappuccino",
  "version": "1.1.1",
  "lockfileVersion": 2,
  "requires": true,
  "packages": {
    "": {
      "name": "@objj/cappuccino",
      "version": "1.1.1",
      "license": "LGPL-2.1-only",
      "dependencies": {
        "@objj/jake": "latest",
        "@objj/runtime": "latest"
      },
      "bin": {
        "capp": "dist/cappuccino/bin/capp",
        "cib-dump": "dist/cappuccino/bin/cib-dump",
        "flatten": "dist/cappuccino/bin/flatten",
        "fontinfo": "dist/cappuccino/bin/fontinfo",
        "imagesize": "dist/cappuccino/bin/imagesize",
        "jake": "dist/cappuccino/bin/jake",
        "nib2cib": "dist/cappuccino/bin/nib2cib",
        "objj": "dist/cappuccino/bin/objj",
        "ojdepcheck": "dist/cappuccino/bin/ojdepcheck",
        "press": "dist/cappuccino/bin/press"
      },
      "devDependencies": {
        "@objj/cappuccino": "file:.",
        "terser": "^5.7.0"
      }
    },
    "node_modules/@objj/cappuccino": {
      "resolved": "",
      "link": true
    },
    "node_modules/@objj/jake": {
      "version": "1.0.3-14",
      "resolved": "https://registry.npmjs.org/@objj/jake/-/jake-1.0.3-14.tgz",
      "integrity": "sha512-heF9hm1+cghbPZtEEYr+yZpO/Xtx12zHmMnQEh1yb9k2YKqoMratwjDxnU8sG7rI0UbTeHS6zJ7lw1pMJ2WI8Q==",
      "dependencies": {
        "@objj/runtime": "latest",
        "glob": "^7.1.7",
        "minimatch": "^3.0.4"
      },
      "bin": {
        "jake": "bin/jake"
      }
    },
    "node_modules/@objj/runtime": {
      "version": "0.4.7-15",
      "resolved": "https://registry.npmjs.org/@objj/runtime/-/runtime-0.4.7-15.tgz",
      "integrity": "sha512-tSw9H8MeTEooLk9VxfWGArVBzVQw/agfOv0BmTc560Vqg/jonaMYwBVcqILldlybklEdlCo6aUETHxc2yVZ4Rg==",
      "dependencies": {
        "@objj/utils": "latest",
        "objj-transpiler": "^0.5.0",
        "readline-history": ">=1.2.0",
        "uuid": "^8.3.2",
        "xmldom": "^0.6.0",
        "xmlhttprequest-ssl": ">=1.6.2"
      },
      "bin": {
        "objj": "bin/objj"
      },
      "engines": {
        "node": ">=0.10.0"
      }
    },
    "node_modules/@objj/utils": {
      "version": "1.0.0",
      "resolved": "https://registry.npmjs.org/@objj/utils/-/utils-1.0.0.tgz",
      "integrity": "sha512-HE/TM8nQCH0Vpqip4FIPXaxqVOJnI1+VHKR8EybW9gR2Fyj+DHzCnoYuZGT4bhuX/8Y6/EkauQmA4MYevNQOPw==",
      "dependencies": {
        "glob": "7.1.7",
        "minimatch": "3.0.4"
      }
    },
    "node_modules/amdefine": {
      "version": "1.0.1",
      "resolved": "https://registry.npmjs.org/amdefine/-/amdefine-1.0.1.tgz",
      "integrity": "sha1-SlKCrBZHKek2Gbz9OtFR+BfOkfU=",
      "engines": {
        "node": ">=0.4.2"
      }
    },
    "node_modules/balanced-match": {
      "version": "1.0.2",
      "integrity": "sha512-3oSeUO0TMV67hN1AmbXsK4yaqU7tjiHlbxRDZOpH0KW9+CeX4bRAaX0Anxt0tx2MrpRpWwQaPwIlISEJhYU5Pw=="
    },
    "node_modules/brace-expansion": {
      "version": "1.1.11",
      "integrity": "sha512-iCuPHDFgrHX7H2vEI/5xpz07zSHB00TpugqhmYtVmMO6518mCuRMoOYFldEBl0g187ufozdaHgWKcYFb61qGiA==",
      "dependencies": {
        "balanced-match": "^1.0.0",
        "concat-map": "0.0.1"
      }
    },
    "node_modules/buffer-from": {
      "version": "1.1.2",
      "integrity": "sha512-E+XQCRwSbaaiChtv6k6Dwgc+bx+Bs6vuKJHHl5kox/BaKbhiXzqQOwK4cO22yElGp2OCmjwVhT3HmxgyPGnJfQ==",
      "dev": true
    },
    "node_modules/commander": {
      "version": "2.20.3",
      "integrity": "sha512-GpVkmM8vF2vQUkj2LvZmD35JxeJOLCwJ9cUkugyk2nuhbv3+mJvpLYYt+0+USMxE+oj+ey/lJEnhZw75x/OMcQ==",
      "dev": true
    },
    "node_modules/concat-map": {
      "version": "0.0.1",
      "integrity": "sha1-2Klr13/Wjfd5OnMDajug1UBdR3s="
    },
    "node_modules/fs.realpath": {
      "version": "1.0.0",
      "integrity": "sha1-FQStJSMVjKpA20onh8sBQRmU6k8="
    },
    "node_modules/glob": {
      "version": "7.1.7",
      "integrity": "sha512-OvD9ENzPLbegENnYP5UUfJIirTg4+XwMWGaQfQTY0JenxNvvIKP3U3/tAQSPIu/lHxXYSZmpXlUHeqAIdKzBLQ==",
      "dependencies": {
        "fs.realpath": "^1.0.0",
        "inflight": "^1.0.4",
        "inherits": "2",
        "minimatch": "^3.0.4",
        "once": "^1.3.0",
        "path-is-absolute": "^1.0.0"
      },
      "engines": {
        "node": "*"
      },
      "funding": {
        "url": "https://github.com/sponsors/isaacs"
      }
    },
    "node_modules/inflight": {
      "version": "1.0.6",
      "integrity": "sha1-Sb1jMdfQLQwJvJEKEHW6gWW1bfk=",
      "dependencies": {
        "once": "^1.3.0",
        "wrappy": "1"
      }
    },
    "node_modules/inherits": {
      "version": "2.0.4",
      "integrity": "sha512-k/vGaX4/Yla3WzyMCvTQOXYeIHvqOKtnqBduzTHpzpQZzAskKMhZ2K+EnBiSM9zGSoIFeMpXKxa4dYeZIQqewQ=="
    },
    "node_modules/minimatch": {
      "version": "3.0.4",
      "integrity": "sha512-yJHVQEhyqPLUTgt9B83PXu6W3rx4MvvHvSUvToogpwoGDOUQ+yDrR0HRot+yOCdCO7u4hX3pWft6kWBBcqh0UA==",
      "dependencies": {
        "brace-expansion": "^1.1.7"
      },
      "engines": {
        "node": "*"
      }
    },
    "node_modules/objj-parser": {
      "version": "0.4.0",
      "resolved": "https://registry.npmjs.org/objj-parser/-/objj-parser-0.4.0.tgz",
      "integrity": "sha512-Kw6tbMp4K+lLm1jdKpcrgLu8MZg3JY1sSi4kzOncIO8nM5uzyLYY2xwwpsLdqxaipfB1n8Gr1EnscdKOcLJ80A==",
      "bin": {
        "acorn": "bin/acorn"
      },
      "engines": {
        "node": ">=0.10.0"
      }
    },
    "node_modules/objj-transpiler": {
      "version": "0.5.1",
      "resolved": "https://registry.npmjs.org/objj-transpiler/-/objj-transpiler-0.5.1.tgz",
      "integrity": "sha512-KSIjnKJZcQ3HExF5zUjRNNtm+zfmbzfEF8es2H2xBu7b2hPEdP+bpOuZCb65+f+To/Ei+E90b+UsdKcsjwyG+w==",
      "dependencies": {
        "objj-parser": ">=0.4.0",
        "source-map": "0.4.x"
      },
      "bin": {
        "objjc": "bin/objjc"
      },
      "engines": {
        "node": ">=0.10.0"
      }
    },
    "node_modules/once": {
      "version": "1.4.0",
      "integrity": "sha1-WDsap3WWHUsROsF9nFC6753Xa9E=",
      "dependencies": {
        "wrappy": "1"
      }
    },
    "node_modules/path-is-absolute": {
      "version": "1.0.1",
      "integrity": "sha1-F0uSaHNVNP+8es5r9TpanhtcX18=",
      "engines": {
        "node": ">=0.10.0"
      }
    },
    "node_modules/readline-history": {
      "version": "1.2.0",
      "resolved": "https://registry.npmjs.org/readline-history/-/readline-history-1.2.0.tgz",
      "integrity": "sha1-9nBUOyzpASFH/pkD+D0cGJwX0zM="
    },
    "node_modules/source-map": {
      "version": "0.4.4",
      "resolved": "https://registry.npmjs.org/source-map/-/source-map-0.4.4.tgz",
      "integrity": "sha1-66T12pwNyZneaAMti092FzZSA2s=",
      "dependencies": {
        "amdefine": ">=0.0.4"
      },
      "engines": {
        "node": ">=0.8.0"
      }
    },
    "node_modules/source-map-support": {
      "version": "0.5.19",
      "integrity": "sha512-Wonm7zOCIJzBGQdB+thsPar0kYuCIzYvxZwlBa87yi/Mdjv7Tip2cyVbLj5o0cFPN4EVkuTwb3GDDyUx2DGnGw==",
      "dev": true,
      "dependencies": {
        "buffer-from": "^1.0.0",
        "source-map": "^0.6.0"
      }
    },
    "node_modules/source-map-support/node_modules/source-map": {
      "version": "0.6.1",
      "integrity": "sha512-UjgapumWlbMhkBgzT7Ykc5YXUT46F0iKu8SGXq0bcwP5dz/h0Plj6enJqjz1Zbq2l5WaqYnrVbwWOWMyF3F47g==",
      "dev": true,
      "engines": {
        "node": ">=0.10.0"
      }
    },
    "node_modules/terser": {
      "version": "5.7.1",
      "integrity": "sha512-b3e+d5JbHAe/JSjwsC3Zn55wsBIM7AsHLjKxT31kGCldgbpFePaFo+PiddtO6uwRZWRw7sPXmAN8dTW61xmnSg==",
      "dev": true,
      "dependencies": {
        "commander": "^2.20.0",
        "source-map": "~0.7.2",
        "source-map-support": "~0.5.19"
      },
      "bin": {
        "terser": "bin/terser"
      },
      "engines": {
        "node": ">=10"
      }
    },
    "node_modules/terser/node_modules/source-map": {
      "version": "0.7.3",
      "integrity": "sha512-CkCj6giN3S+n9qrYiBTX5gystlENnRW5jZeNLHpe6aue+SrHcG5VYwujhW9s4dY31mEGsxBDrHR6oI69fTXsaQ==",
      "dev": true,
      "engines": {
        "node": ">= 8"
      }
    },
    "node_modules/uuid": {
      "version": "8.3.2",
      "resolved": "https://registry.npmjs.org/uuid/-/uuid-8.3.2.tgz",
      "integrity": "sha512-+NYs2QeMWy+GWFOEm9xnn6HCDp0l7QBD7ml8zLUmJ+93Q5NF0NocErnwkTkXVFNiX3/fpC6afS8Dhb/gz7R7eg==",
      "bin": {
        "uuid": "dist/bin/uuid"
      }
    },
    "node_modules/wrappy": {
      "version": "1.0.2",
      "integrity": "sha1-tSQ9jz7BqjXxNkYFvA0QNuMKtp8="
    },
    "node_modules/xmldom": {
      "version": "0.6.0",
      "resolved": "https://registry.npmjs.org/xmldom/-/xmldom-0.6.0.tgz",
      "integrity": "sha512-iAcin401y58LckRZ0TkI4k0VSM1Qg0KGSc3i8rU+xrxe19A/BN1zHyVSJY7uoutVlaTSzYyk/v5AmkewAP7jtg==",
      "engines": {
        "node": ">=10.0.0"
      }
    },
    "node_modules/xmlhttprequest-ssl": {
      "version": "2.0.0",
      "resolved": "https://registry.npmjs.org/xmlhttprequest-ssl/-/xmlhttprequest-ssl-2.0.0.tgz",
      "integrity": "sha512-QKxVRxiRACQcVuQEYFsI1hhkrMlrXHPegbbd1yn9UHOmRxY+si12nQYzri3vbzt8VdTTRviqcKxcyllFas5z2A==",
      "engines": {
        "node": ">=0.4.0"
      }
    }
  },
  "dependencies": {
    "@objj/cappuccino": {
      "version": "file:",
      "requires": {
        "@objj/cappuccino": "file:",
        "@objj/jake": "latest",
        "@objj/runtime": "latest",
        "terser": "^5.7.0"
      },
      "dependencies": {
        "@objj/jake": {
          "version": "1.0.3-14",
          "resolved": "https://registry.npmjs.org/@objj/jake/-/jake-1.0.3-14.tgz",
          "integrity": "sha512-heF9hm1+cghbPZtEEYr+yZpO/Xtx12zHmMnQEh1yb9k2YKqoMratwjDxnU8sG7rI0UbTeHS6zJ7lw1pMJ2WI8Q==",
          "requires": {
            "@objj/runtime": "latest",
            "glob": "^7.1.7",
            "minimatch": "^3.0.4"
          }
        },
        "@objj/runtime": {
          "version": "0.4.7-15",
          "resolved": "https://registry.npmjs.org/@objj/runtime/-/runtime-0.4.7-15.tgz",
          "integrity": "sha512-tSw9H8MeTEooLk9VxfWGArVBzVQw/agfOv0BmTc560Vqg/jonaMYwBVcqILldlybklEdlCo6aUETHxc2yVZ4Rg==",
          "requires": {
            "@objj/utils": "latest",
            "objj-transpiler": "^0.5.0",
            "readline-history": ">=1.2.0",
            "uuid": "^8.3.2",
            "xmldom": "^0.6.0",
            "xmlhttprequest-ssl": ">=1.6.2"
          }
        },
        "@objj/utils": {
          "version": "1.0.0",
          "resolved": "https://registry.npmjs.org/@objj/utils/-/utils-1.0.0.tgz",
          "integrity": "sha512-HE/TM8nQCH0Vpqip4FIPXaxqVOJnI1+VHKR8EybW9gR2Fyj+DHzCnoYuZGT4bhuX/8Y6/EkauQmA4MYevNQOPw==",
          "requires": {
            "glob": "7.1.7",
            "minimatch": "3.0.4"
          }
        },
        "amdefine": {
          "version": "1.0.1",
          "resolved": "https://registry.npmjs.org/amdefine/-/amdefine-1.0.1.tgz",
          "integrity": "sha1-SlKCrBZHKek2Gbz9OtFR+BfOkfU="
        },
        "balanced-match": {
          "version": "1.0.2"
        },
        "brace-expansion": {
          "version": "1.1.11",
          "requires": {
            "balanced-match": "^1.0.0",
            "concat-map": "0.0.1"
          }
        },
        "buffer-from": {
          "version": "1.1.2",
          "dev": true
        },
        "commander": {
          "version": "2.20.3",
          "dev": true
        },
        "concat-map": {
          "version": "0.0.1"
        },
        "fs.realpath": {
          "version": "1.0.0"
        },
        "glob": {
          "version": "7.1.7",
          "requires": {
            "fs.realpath": "^1.0.0",
            "inflight": "^1.0.4",
            "inherits": "2",
            "minimatch": "^3.0.4",
            "once": "^1.3.0",
            "path-is-absolute": "^1.0.0"
          }
        },
        "inflight": {
          "version": "1.0.6",
          "requires": {
            "once": "^1.3.0",
            "wrappy": "1"
          }
        },
        "inherits": {
          "version": "2.0.4"
        },
        "minimatch": {
          "version": "3.0.4",
          "requires": {
            "brace-expansion": "^1.1.7"
          }
        },
        "objj-parser": {
          "version": "0.4.0",
          "resolved": "https://registry.npmjs.org/objj-parser/-/objj-parser-0.4.0.tgz",
          "integrity": "sha512-Kw6tbMp4K+lLm1jdKpcrgLu8MZg3JY1sSi4kzOncIO8nM5uzyLYY2xwwpsLdqxaipfB1n8Gr1EnscdKOcLJ80A=="
        },
        "objj-transpiler": {
          "version": "0.5.1",
          "resolved": "https://registry.npmjs.org/objj-transpiler/-/objj-transpiler-0.5.1.tgz",
          "integrity": "sha512-KSIjnKJZcQ3HExF5zUjRNNtm+zfmbzfEF8es2H2xBu7b2hPEdP+bpOuZCb65+f+To/Ei+E90b+UsdKcsjwyG+w==",
          "requires": {
            "objj-parser": ">=0.4.0",
            "source-map": "0.4.x"
          }
        },
        "once": {
          "version": "1.4.0",
          "requires": {
            "wrappy": "1"
          }
        },
        "path-is-absolute": {
          "version": "1.0.1"
        },
        "readline-history": {
          "version": "1.2.0",
          "resolved": "https://registry.npmjs.org/readline-history/-/readline-history-1.2.0.tgz",
          "integrity": "sha1-9nBUOyzpASFH/pkD+D0cGJwX0zM="
        },
        "source-map": {
          "version": "0.4.4",
          "resolved": "https://registry.npmjs.org/source-map/-/source-map-0.4.4.tgz",
          "integrity": "sha1-66T12pwNyZneaAMti092FzZSA2s=",
          "requires": {
            "amdefine": ">=0.0.4"
          }
        },
        "source-map-support": {
          "version": "0.5.19",
          "dev": true,
          "requires": {
            "buffer-from": "^1.0.0",
            "source-map": "^0.6.0"
          },
          "dependencies": {
            "source-map": {
              "version": "0.6.1",
              "dev": true
            }
          }
        },
        "terser": {
          "version": "5.7.1",
          "dev": true,
          "requires": {
            "commander": "^2.20.0",
            "source-map": "~0.7.2",
            "source-map-support": "~0.5.19"
          },
          "dependencies": {
            "source-map": {
              "version": "0.7.3",
              "dev": true
            }
          }
        },
        "uuid": {
          "version": "8.3.2",
          "resolved": "https://registry.npmjs.org/uuid/-/uuid-8.3.2.tgz",
          "integrity": "sha512-+NYs2QeMWy+GWFOEm9xnn6HCDp0l7QBD7ml8zLUmJ+93Q5NF0NocErnwkTkXVFNiX3/fpC6afS8Dhb/gz7R7eg=="
        },
        "wrappy": {
          "version": "1.0.2"
        },
        "xmldom": {
          "version": "0.6.0",
          "resolved": "https://registry.npmjs.org/xmldom/-/xmldom-0.6.0.tgz",
          "integrity": "sha512-iAcin401y58LckRZ0TkI4k0VSM1Qg0KGSc3i8rU+xrxe19A/BN1zHyVSJY7uoutVlaTSzYyk/v5AmkewAP7jtg=="
        },
        "xmlhttprequest-ssl": {
          "version": "2.0.0",
          "resolved": "https://registry.npmjs.org/xmlhttprequest-ssl/-/xmlhttprequest-ssl-2.0.0.tgz",
          "integrity": "sha512-QKxVRxiRACQcVuQEYFsI1hhkrMlrXHPegbbd1yn9UHOmRxY+si12nQYzri3vbzt8VdTTRviqcKxcyllFas5z2A=="
        }
      }
    },
    "@objj/jake": {
      "version": "1.0.3-14",
      "resolved": "https://registry.npmjs.org/@objj/jake/-/jake-1.0.3-14.tgz",
      "integrity": "sha512-heF9hm1+cghbPZtEEYr+yZpO/Xtx12zHmMnQEh1yb9k2YKqoMratwjDxnU8sG7rI0UbTeHS6zJ7lw1pMJ2WI8Q==",
      "requires": {
        "@objj/runtime": "latest",
        "glob": "^7.1.7",
        "minimatch": "^3.0.4"
      }
    },
    "@objj/runtime": {
      "version": "0.4.7-15",
      "resolved": "https://registry.npmjs.org/@objj/runtime/-/runtime-0.4.7-15.tgz",
      "integrity": "sha512-tSw9H8MeTEooLk9VxfWGArVBzVQw/agfOv0BmTc560Vqg/jonaMYwBVcqILldlybklEdlCo6aUETHxc2yVZ4Rg==",
      "requires": {
        "@objj/utils": "latest",
        "objj-transpiler": "^0.5.0",
        "readline-history": ">=1.2.0",
        "uuid": "^8.3.2",
        "xmldom": "^0.6.0",
        "xmlhttprequest-ssl": ">=1.6.2"
      }
    },
    "@objj/utils": {
      "version": "1.0.0",
      "resolved": "https://registry.npmjs.org/@objj/utils/-/utils-1.0.0.tgz",
      "integrity": "sha512-HE/TM8nQCH0Vpqip4FIPXaxqVOJnI1+VHKR8EybW9gR2Fyj+DHzCnoYuZGT4bhuX/8Y6/EkauQmA4MYevNQOPw==",
      "requires": {
        "glob": "7.1.7",
        "minimatch": "3.0.4"
      }
    },
    "amdefine": {
      "version": "1.0.1",
      "resolved": "https://registry.npmjs.org/amdefine/-/amdefine-1.0.1.tgz",
      "integrity": "sha1-SlKCrBZHKek2Gbz9OtFR+BfOkfU="
    },
    "balanced-match": {
      "version": "1.0.2"
    },
    "brace-expansion": {
      "version": "1.1.11",
      "requires": {
        "balanced-match": "^1.0.0",
        "concat-map": "0.0.1"
      }
    },
    "buffer-from": {
      "version": "1.1.2",
      "dev": true
    },
    "commander": {
      "version": "2.20.3",
      "dev": true
    },
    "concat-map": {
      "version": "0.0.1"
    },
    "fs.realpath": {
      "version": "1.0.0"
    },
    "glob": {
      "version": "7.1.7",
      "requires": {
        "fs.realpath": "^1.0.0",
        "inflight": "^1.0.4",
        "inherits": "2",
        "minimatch": "^3.0.4",
        "once": "^1.3.0",
        "path-is-absolute": "^1.0.0"
      }
    },
    "inflight": {
      "version": "1.0.6",
      "requires": {
        "once": "^1.3.0",
        "wrappy": "1"
      }
    },
    "inherits": {
      "version": "2.0.4"
    },
    "minimatch": {
      "version": "3.0.4",
      "requires": {
        "brace-expansion": "^1.1.7"
      }
    },
    "objj-parser": {
      "version": "0.4.0",
      "resolved": "https://registry.npmjs.org/objj-parser/-/objj-parser-0.4.0.tgz",
      "integrity": "sha512-Kw6tbMp4K+lLm1jdKpcrgLu8MZg3JY1sSi4kzOncIO8nM5uzyLYY2xwwpsLdqxaipfB1n8Gr1EnscdKOcLJ80A=="
    },
    "objj-transpiler": {
      "version": "0.5.1",
      "resolved": "https://registry.npmjs.org/objj-transpiler/-/objj-transpiler-0.5.1.tgz",
      "integrity": "sha512-KSIjnKJZcQ3HExF5zUjRNNtm+zfmbzfEF8es2H2xBu7b2hPEdP+bpOuZCb65+f+To/Ei+E90b+UsdKcsjwyG+w==",
      "requires": {
        "objj-parser": ">=0.4.0",
        "source-map": "0.4.x"
      }
    },
    "once": {
      "version": "1.4.0",
      "requires": {
        "wrappy": "1"
      }
    },
    "path-is-absolute": {
      "version": "1.0.1"
    },
    "readline-history": {
      "version": "1.2.0",
      "resolved": "https://registry.npmjs.org/readline-history/-/readline-history-1.2.0.tgz",
      "integrity": "sha1-9nBUOyzpASFH/pkD+D0cGJwX0zM="
    },
    "source-map": {
      "version": "0.4.4",
      "resolved": "https://registry.npmjs.org/source-map/-/source-map-0.4.4.tgz",
      "integrity": "sha1-66T12pwNyZneaAMti092FzZSA2s=",
      "requires": {
        "amdefine": ">=0.0.4"
      }
    },
    "source-map-support": {
      "version": "0.5.19",
      "dev": true,
      "requires": {
        "buffer-from": "^1.0.0",
        "source-map": "^0.6.0"
      },
      "dependencies": {
        "source-map": {
          "version": "0.6.1",
          "dev": true
        }
      }
    },
    "terser": {
      "version": "5.7.1",
      "dev": true,
      "requires": {
        "commander": "^2.20.0",
        "source-map": "~0.7.2",
        "source-map-support": "~0.5.19"
      },
      "dependencies": {
        "source-map": {
          "version": "0.7.3",
          "dev": true
        }
      }
    },
    "uuid": {
      "version": "8.3.2",
      "resolved": "https://registry.npmjs.org/uuid/-/uuid-8.3.2.tgz",
      "integrity": "sha512-+NYs2QeMWy+GWFOEm9xnn6HCDp0l7QBD7ml8zLUmJ+93Q5NF0NocErnwkTkXVFNiX3/fpC6afS8Dhb/gz7R7eg=="
    },
    "wrappy": {
      "version": "1.0.2"
    },
    "xmldom": {
      "version": "0.6.0",
      "resolved": "https://registry.npmjs.org/xmldom/-/xmldom-0.6.0.tgz",
      "integrity": "sha512-iAcin401y58LckRZ0TkI4k0VSM1Qg0KGSc3i8rU+xrxe19A/BN1zHyVSJY7uoutVlaTSzYyk/v5AmkewAP7jtg=="
    },
    "xmlhttprequest-ssl": {
      "version": "2.0.0",
      "resolved": "https://registry.npmjs.org/xmlhttprequest-ssl/-/xmlhttprequest-ssl-2.0.0.tgz",
      "integrity": "sha512-QKxVRxiRACQcVuQEYFsI1hhkrMlrXHPegbbd1yn9UHOmRxY+si12nQYzri3vbzt8VdTTRviqcKxcyllFas5z2A=="
    }
  }
}
