{
  "name": "@objj/cappuccino",
  "version": "1.1.5",
  "lockfileVersion": 1,
  "requires": true,
  "dependencies": {
    "@objj/cappuccino": {
      "version": "file:",
      "dev": true,
      "requires": {
        "@objj/jake": "^1.1.5",
        "@objj/ojtest": "^1.0.3",
        "@objj/runtime": "^1.1.9"
      }
    },
    "@objj/jake": {
      "version": "1.1.5",
      "resolved": "https://registry.npmjs.org/@objj/jake/-/jake-1.1.5.tgz",
      "integrity": "sha512-3GCftIhWTzCkhPMlKeAcuEtC+XhYjpz6ta54dV7rbBq81gZpsZL8k4Sl55zWX1C4h60R/2ik6u+kppZxBPdXGA==",
      "requires": {
        "@objj/runtime": "^1.1.9",
        "@objj/utils": "^1.0.23"
      }
    },
    "@objj/ojtest": {
      "version": "1.0.3",
      "resolved": "https://registry.npmjs.org/@objj/ojtest/-/ojtest-1.0.3.tgz",
      "integrity": "sha512-T87JtTVJnXcxWdVHchJwrHuQPZLp0mh4MXCOpoMGffKSU2jbL7l+uxK6KPWRMW/ajjQL/aE5dJKguJohmmYtRg=="
    },
    "@objj/runtime": {
      "version": "1.1.9",
      "resolved": "https://registry.npmjs.org/@objj/runtime/-/runtime-1.1.9.tgz",
      "integrity": "sha512-1qhnmCeCQUA52AjN2qSeRZPY46QXM2WEJ06nHvv2OwLxEA1laFztdHQNEI6yrpDsl8X/befNJfq2fprYh1Lo6g==",
      "requires": {
        "@objj/utils": ">=1.0.23",
        "@xmldom/xmldom": ">=0.7.5",
        "objj-transpiler": ">=0.5.6",
        "readline-history": ">=1.2.0",
        "xmlhttprequest-ssl": "^2.0.0"
      }
    },
    "@objj/utils": {
      "version": "1.0.23",
      "resolved": "https://registry.npmjs.org/@objj/utils/-/utils-1.0.23.tgz",
      "integrity": "sha512-0oNLgzL99lva60TA5dnj+Syy+Cq0iSl6NlgxX5OyQhz8OWM4u6D2gHR++2VrieFemLZ9OSh5TGrqvB2wIBMvUw=="
    },
    "@xmldom/xmldom": {
      "version": "0.7.5",
      "resolved": "https://registry.npmjs.org/@xmldom/xmldom/-/xmldom-0.7.5.tgz",
      "integrity": "sha512-V3BIhmY36fXZ1OtVcI9W+FxQqxVLsPKcNjWigIaa81dLC9IolJl5Mt4Cvhmr0flUnjSpTdrbMTSbXqYqV5dT6A=="
    },
    "amdefine": {
      "version": "1.0.1",
      "resolved": "https://registry.npmjs.org/amdefine/-/amdefine-1.0.1.tgz",
      "integrity": "sha1-SlKCrBZHKek2Gbz9OtFR+BfOkfU="
    },
    "buffer-from": {
      "version": "1.1.2",
      "resolved": "https://registry.npmjs.org/buffer-from/-/buffer-from-1.1.2.tgz",
      "integrity": "sha512-E+XQCRwSbaaiChtv6k6Dwgc+bx+Bs6vuKJHHl5kox/BaKbhiXzqQOwK4cO22yElGp2OCmjwVhT3HmxgyPGnJfQ==",
      "dev": true
    },
    "commander": {
      "version": "2.20.3",
      "resolved": "https://registry.npmjs.org/commander/-/commander-2.20.3.tgz",
      "integrity": "sha512-GpVkmM8vF2vQUkj2LvZmD35JxeJOLCwJ9cUkugyk2nuhbv3+mJvpLYYt+0+USMxE+oj+ey/lJEnhZw75x/OMcQ==",
      "dev": true
    },
    "objj-parser": {
      "version": "0.4.3",
      "resolved": "https://registry.npmjs.org/objj-parser/-/objj-parser-0.4.3.tgz",
      "integrity": "sha512-98qHphDEAP0hfmjFTVacLPiMeOqGYOOazAQczlxqchEGPzzlyVwNnECOOMs2jCY0zQ68TPX/xYKgbsfXpHI6Mg=="
    },
    "objj-transpiler": {
      "version": "0.5.7",
      "resolved": "https://registry.npmjs.org/objj-transpiler/-/objj-transpiler-0.5.7.tgz",
      "integrity": "sha512-9G5NOufdV3997ITROe/HU8RREmr4aEUsW52hJC7vFGQcCQAbJYrnSIYR2187bLAoOKOmW5Uj5lUYK8kdJbqzPQ==",
      "requires": {
        "objj-parser": ">=0.4.0",
        "source-map": "0.4.x"
      }
    },
    "readline-history": {
      "version": "1.2.0",
      "resolved": "https://registry.npmjs.org/readline-history/-/readline-history-1.2.0.tgz",
      "integrity": "sha1-9nBUOyzpASFH/pkD+D0cGJwX0zM="
    },
    "source-map": {
      "version": "0.4.4",
      "resolved": "https://registry.npmjs.org/source-map/-/source-map-0.4.4.tgz",
      "integrity": "sha1-66T12pwNyZneaAMti092FzZSA2s=",
      "requires": {
        "amdefine": ">=0.0.4"
      }
    },
    "source-map-support": {
      "version": "0.5.19",
      "resolved": "https://registry.npmjs.org/source-map-support/-/source-map-support-0.5.19.tgz",
      "integrity": "sha512-Wonm7zOCIJzBGQdB+thsPar0kYuCIzYvxZwlBa87yi/Mdjv7Tip2cyVbLj5o0cFPN4EVkuTwb3GDDyUx2DGnGw==",
      "dev": true,
      "requires": {
        "buffer-from": "^1.0.0",
        "source-map": "^0.6.0"
      },
      "dependencies": {
        "source-map": {
          "version": "0.6.1",
          "resolved": "https://registry.npmjs.org/source-map/-/source-map-0.6.1.tgz",
          "integrity": "sha512-UjgapumWlbMhkBgzT7Ykc5YXUT46F0iKu8SGXq0bcwP5dz/h0Plj6enJqjz1Zbq2l5WaqYnrVbwWOWMyF3F47g==",
          "dev": true
        }
      }
    },
    "terser": {
      "version": "5.7.1",
      "resolved": "https://registry.npmjs.org/terser/-/terser-5.7.1.tgz",
      "integrity": "sha512-b3e+d5JbHAe/JSjwsC3Zn55wsBIM7AsHLjKxT31kGCldgbpFePaFo+PiddtO6uwRZWRw7sPXmAN8dTW61xmnSg==",
      "dev": true,
      "requires": {
        "commander": "^2.20.0",
        "source-map": "~0.7.2",
        "source-map-support": "~0.5.19"
      },
      "dependencies": {
        "source-map": {
          "version": "0.7.3",
          "resolved": "https://registry.npmjs.org/source-map/-/source-map-0.7.3.tgz",
          "integrity": "sha512-CkCj6giN3S+n9qrYiBTX5gystlENnRW5jZeNLHpe6aue+SrHcG5VYwujhW9s4dY31mEGsxBDrHR6oI69fTXsaQ==",
          "dev": true
        }
      }
    },
    "xmlhttprequest-ssl": {
      "version": "2.0.0",
      "resolved": "https://registry.npmjs.org/xmlhttprequest-ssl/-/xmlhttprequest-ssl-2.0.0.tgz",
      "integrity": "sha512-QKxVRxiRACQcVuQEYFsI1hhkrMlrXHPegbbd1yn9UHOmRxY+si12nQYzri3vbzt8VdTTRviqcKxcyllFas5z2A=="
    }
  }
}
