// !$*UTF8*$!
{
	archiveVersion = 1;
	classes = {
	};
	objectVersion = 46;
	objects = {

/* Begin PBXBuildFile section */
		B210EF7E153B0A8D005D15EE /* Cocoa.framework in Frameworks */ = {isa = PBXBuildFile; fileRef = B210EF7D153B0A8D005D15EE /* Cocoa.framework */; };
		B210EF88153B0A8D005D15EE /* InfoPlist.strings in Resources */ = {isa = PBXBuildFile; fileRef = B210EF86153B0A8D005D15EE /* InfoPlist.strings */; };
		B210EF8A153B0A8D005D15EE /* main.m in Sources */ = {isa = PBXBuildFile; fileRef = B210EF89153B0A8D005D15EE /* main.m */; };
		B210EF8E153B0A8D005D15EE /* Credits.rtf in Resources */ = {isa = PBXBuildFile; fileRef = B210EF8C153B0A8D005D15EE /* Credits.rtf */; };
		B210EF91153B0A8D005D15EE /* AppDelegate.m in Sources */ = {isa = PBXBuildFile; fileRef = B210EF90153B0A8D005D15EE /* AppDelegate.m */; };
		B2129637153B0B3000E15669 /* MainMenu.xib in Resources */ = {isa = PBXBuildFile; fileRef = B2129636153B0B3000E15669 /* MainMenu.xib */; };
		B212963B153B0B4900E15669 /* Window.xib in Resources */ = {isa = PBXBuildFile; fileRef = B2129639153B0B4900E15669 /* Window.xib */; };
		B212963C153B0E6A00E15669 /* SheetWindow.m in Sources */ = {isa = PBXBuildFile; fileRef = B2129630153B0ADF00E15669 /* SheetWindow.m */; };
		B212963D153B0E6C00E15669 /* SheetWindowController.m in Sources */ = {isa = PBXBuildFile; fileRef = B2129632153B0ADF00E15669 /* SheetWindowController.m */; };
/* End PBXBuildFile section */

/* Begin PBXFileReference section */
		B210EF79153B0A8D005D15EE /* TestSheet.app */ = {isa = PBXFileReference; explicitFileType = wrapper.application; includeInIndex = 0; path = TestSheet.app; sourceTree = BUILT_PRODUCTS_DIR; };
		B210EF7D153B0A8D005D15EE /* Cocoa.framework */ = {isa = PBXFileReference; lastKnownFileType = wrapper.framework; name = Cocoa.framework; path = System/Library/Frameworks/Cocoa.framework; sourceTree = SDKROOT; };
		B210EF80153B0A8D005D15EE /* AppKit.framework */ = {isa = PBXFileReference; lastKnownFileType = wrapper.framework; name = AppKit.framework; path = System/Library/Frameworks/AppKit.framework; sourceTree = SDKROOT; };
		B210EF81153B0A8D005D15EE /* CoreData.framework */ = {isa = PBXFileReference; lastKnownFileType = wrapper.framework; name = CoreData.framework; path = System/Library/Frameworks/CoreData.framework; sourceTree = SDKROOT; };
		B210EF82153B0A8D005D15EE /* Foundation.framework */ = {isa = PBXFileReference; lastKnownFileType = wrapper.framework; name = Foundation.framework; path = System/Library/Frameworks/Foundation.framework; sourceTree = SDKROOT; };
		B210EF85153B0A8D005D15EE /* TestSheet-Info.plist */ = {isa = PBXFileReference; lastKnownFileType = text.plist.xml; path = "TestSheet-Info.plist"; sourceTree = "<group>"; };
		B210EF87153B0A8D005D15EE /* en */ = {isa = PBXFileReference; lastKnownFileType = text.plist.strings; name = en; path = en.lproj/InfoPlist.strings; sourceTree = "<group>"; };
		B210EF89153B0A8D005D15EE /* main.m */ = {isa = PBXFileReference; lastKnownFileType = sourcecode.c.objc; path = main.m; sourceTree = "<group>"; };
		B210EF8B153B0A8D005D15EE /* TestSheet-Prefix.pch */ = {isa = PBXFileReference; lastKnownFileType = sourcecode.c.h; path = "TestSheet-Prefix.pch"; sourceTree = "<group>"; };
		B210EF8D153B0A8D005D15EE /* en */ = {isa = PBXFileReference; lastKnownFileType = text.rtf; name = en; path = en.lproj/Credits.rtf; sourceTree = "<group>"; };
		B210EF8F153B0A8D005D15EE /* AppDelegate.h */ = {isa = PBXFileReference; lastKnownFileType = sourcecode.c.h; path = AppDelegate.h; sourceTree = "<group>"; };
		B210EF90153B0A8D005D15EE /* AppDelegate.m */ = {isa = PBXFileReference; lastKnownFileType = sourcecode.c.objc; path = AppDelegate.m; sourceTree = "<group>"; };
		B212962F153B0ADF00E15669 /* SheetWindow.h */ = {isa = PBXFileReference; lastKnownFileType = sourcecode.c.h; path = SheetWindow.h; sourceTree = "<group>"; };
		B2129630153B0ADF00E15669 /* SheetWindow.m */ = {isa = PBXFileReference; lastKnownFileType = sourcecode.c.objc; path = SheetWindow.m; sourceTree = "<group>"; };
		B2129631153B0ADF00E15669 /* SheetWindowController.h */ = {isa = PBXFileReference; lastKnownFileType = sourcecode.c.h; path = SheetWindowController.h; sourceTree = "<group>"; };
		B2129632153B0ADF00E15669 /* SheetWindowController.m */ = {isa = PBXFileReference; lastKnownFileType = sourcecode.c.objc; path = SheetWindowController.m; sourceTree = "<group>"; };
		B2129636153B0B3000E15669 /* MainMenu.xib */ = {isa = PBXFileReference; lastKnownFileType = file.xib; name = MainMenu.xib; path = ../Resources/MainMenu.xib; sourceTree = "<group>"; };
		B2129639153B0B4900E15669 /* Window.xib */ = {isa = PBXFileReference; lastKnownFileType = file.xib; name = Window.xib; path = ../Resources/Window.xib; sourceTree = "<group>"; };
/* End PBXFileReference section */

/* Begin PBXFrameworksBuildPhase section */
		B210EF76153B0A8D005D15EE /* Frameworks */ = {
			isa = PBXFrameworksBuildPhase;
			buildActionMask = 2147483647;
			files = (
				B210EF7E153B0A8D005D15EE /* Cocoa.framework in Frameworks */,
			);
			runOnlyForDeploymentPostprocessing = 0;
		};
/* End PBXFrameworksBuildPhase section */

/* Begin PBXGroup section */
		B210EF6E153B0A8D005D15EE = {
			isa = PBXGroup;
			children = (
				B2129639153B0B4900E15669 /* Window.xib */,
				B2129636153B0B3000E15669 /* MainMenu.xib */,
				B210EF83153B0A8D005D15EE /* TestSheet */,
				B210EF7C153B0A8D005D15EE /* Frameworks */,
				B210EF7A153B0A8D005D15EE /* Products */,
			);
			sourceTree = "<group>";
		};
		B210EF7A153B0A8D005D15EE /* Products */ = {
			isa = PBXGroup;
			children = (
				B210EF79153B0A8D005D15EE /* TestSheet.app */,
			);
			name = Products;
			sourceTree = "<group>";
		};
		B210EF7C153B0A8D005D15EE /* Frameworks */ = {
			isa = PBXGroup;
			children = (
				B210EF7D153B0A8D005D15EE /* Cocoa.framework */,
				B210EF7F153B0A8D005D15EE /* Other Frameworks */,
			);
			name = Frameworks;
			sourceTree = "<group>";
		};
		B210EF7F153B0A8D005D15EE /* Other Frameworks */ = {
			isa = PBXGroup;
			children = (
				B210EF80153B0A8D005D15EE /* AppKit.framework */,
				B210EF81153B0A8D005D15EE /* CoreData.framework */,
				B210EF82153B0A8D005D15EE /* Foundation.framework */,
			);
			name = "Other Frameworks";
			sourceTree = "<group>";
		};
		B210EF83153B0A8D005D15EE /* TestSheet */ = {
			isa = PBXGroup;
			children = (
				B210EF8F153B0A8D005D15EE /* AppDelegate.h */,
				B210EF90153B0A8D005D15EE /* AppDelegate.m */,
				B212962F153B0ADF00E15669 /* SheetWindow.h */,
				B2129630153B0ADF00E15669 /* SheetWindow.m */,
				B2129631153B0ADF00E15669 /* SheetWindowController.h */,
				B2129632153B0ADF00E15669 /* SheetWindowController.m */,
				B210EF84153B0A8D005D15EE /* Supporting Files */,
			);
			path = TestSheet;
			sourceTree = "<group>";
		};
		B210EF84153B0A8D005D15EE /* Supporting Files */ = {
			isa = PBXGroup;
			children = (
				B210EF85153B0A8D005D15EE /* TestSheet-Info.plist */,
				B210EF86153B0A8D005D15EE /* InfoPlist.strings */,
				B210EF89153B0A8D005D15EE /* main.m */,
				B210EF8B153B0A8D005D15EE /* TestSheet-Prefix.pch */,
				B210EF8C153B0A8D005D15EE /* Credits.rtf */,
			);
			name = "Supporting Files";
			sourceTree = "<group>";
		};
/* End PBXGroup section */

/* Begin PBXNativeTarget section */
		B210EF78153B0A8D005D15EE /* TestSheet */ = {
			isa = PBXNativeTarget;
			buildConfigurationList = B210EF97153B0A8D005D15EE /* Build configuration list for PBXNativeTarget "TestSheet" */;
			buildPhases = (
				B210EF75153B0A8D005D15EE /* Sources */,
				B210EF76153B0A8D005D15EE /* Frameworks */,
				B210EF77153B0A8D005D15EE /* Resources */,
			);
			buildRules = (
			);
			dependencies = (
			);
			name = TestSheet;
			productName = TestSheet;
			productReference = B210EF79153B0A8D005D15EE /* TestSheet.app */;
			productType = "com.apple.product-type.application";
		};
/* End PBXNativeTarget section */

/* Begin PBXProject section */
		B210EF70153B0A8D005D15EE /* Project object */ = {
			isa = PBXProject;
			attributes = {
				LastUpgradeCheck = 0430;
			};
			buildConfigurationList = B210EF73153B0A8D005D15EE /* Build configuration list for PBXProject "TestSheet" */;
			compatibilityVersion = "Xcode 3.2";
			developmentRegion = English;
			hasScannedForEncodings = 0;
			knownRegions = (
				en,
			);
			mainGroup = B210EF6E153B0A8D005D15EE;
			productRefGroup = B210EF7A153B0A8D005D15EE /* Products */;
			projectDirPath = "";
			projectRoot = "";
			targets = (
				B210EF78153B0A8D005D15EE /* TestSheet */,
			);
		};
/* End PBXProject section */

/* Begin PBXResourcesBuildPhase section */
		B210EF77153B0A8D005D15EE /* Resources */ = {
			isa = PBXResourcesBuildPhase;
			buildActionMask = 2147483647;
			files = (
				B210EF88153B0A8D005D15EE /* InfoPlist.strings in Resources */,
				B2129637153B0B3000E15669 /* MainMenu.xib in Resources */,
				B212963B153B0B4900E15669 /* Window.xib in Resources */,
				B210EF8E153B0A8D005D15EE /* Credits.rtf in Resources */,
			);
			runOnlyForDeploymentPostprocessing = 0;
		};
/* End PBXResourcesBuildPhase section */

/* Begin PBXSourcesBuildPhase section */
		B210EF75153B0A8D005D15EE /* Sources */ = {
			isa = PBXSourcesBuildPhase;
			buildActionMask = 2147483647;
			files = (
				B210EF8A153B0A8D005D15EE /* main.m in Sources */,
				B210EF91153B0A8D005D15EE /* AppDelegate.m in Sources */,
				B212963D153B0E6C00E15669 /* SheetWindowController.m in Sources */,
				B212963C153B0E6A00E15669 /* SheetWindow.m in Sources */,
			);
			runOnlyForDeploymentPostprocessing = 0;
		};
/* End PBXSourcesBuildPhase section */

/* Begin PBXVariantGroup section */
		B210EF86153B0A8D005D15EE /* InfoPlist.strings */ = {
			isa = PBXVariantGroup;
			children = (
				B210EF87153B0A8D005D15EE /* en */,
			);
			name = InfoPlist.strings;
			sourceTree = "<group>";
		};
		B210EF8C153B0A8D005D15EE /* Credits.rtf */ = {
			isa = PBXVariantGroup;
			children = (
				B210EF8D153B0A8D005D15EE /* en */,
			);
			name = Credits.rtf;
			sourceTree = "<group>";
		};
/* End PBXVariantGroup section */

/* Begin XCBuildConfiguration section */
		B210EF95153B0A8D005D15EE /* Debug */ = {
			isa = XCBuildConfiguration;
			buildSettings = {
				ALWAYS_SEARCH_USER_PATHS = NO;
				ARCHS = "$(ARCHS_STANDARD_64_BIT)";
				CLANG_ENABLE_OBJC_ARC = YES;
				COPY_PHASE_STRIP = NO;
				GCC_C_LANGUAGE_STANDARD = gnu99;
				GCC_DYNAMIC_NO_PIC = NO;
				GCC_ENABLE_OBJC_EXCEPTIONS = YES;
				GCC_OPTIMIZATION_LEVEL = 0;
				GCC_PREPROCESSOR_DEFINITIONS = (
					"DEBUG=1",
					"$(inherited)",
				);
				GCC_SYMBOLS_PRIVATE_EXTERN = NO;
				GCC_VERSION = com.apple.compilers.llvm.clang.1_0;
				GCC_WARN_64_TO_32_BIT_CONVERSION = YES;
				GCC_WARN_ABOUT_RETURN_TYPE = YES;
				GCC_WARN_UNINITIALIZED_AUTOS = YES;
				GCC_WARN_UNUSED_VARIABLE = YES;
				MACOSX_DEPLOYMENT_TARGET = 10.7;
				ONLY_ACTIVE_ARCH = YES;
				SDKROOT = macosx;
			};
			name = Debug;
		};
		B210EF96153B0A8D005D15EE /* Release */ = {
			isa = XCBuildConfiguration;
			buildSettings = {
				ALWAYS_SEARCH_USER_PATHS = NO;
				ARCHS = "$(ARCHS_STANDARD_64_BIT)";
				CLANG_ENABLE_OBJC_ARC = YES;
				COPY_PHASE_STRIP = YES;
				DEBUG_INFORMATION_FORMAT = "dwarf-with-dsym";
				GCC_C_LANGUAGE_STANDARD = gnu99;
				GCC_ENABLE_OBJC_EXCEPTIONS = YES;
				GCC_VERSION = com.apple.compilers.llvm.clang.1_0;
				GCC_WARN_64_TO_32_BIT_CONVERSION = YES;
				GCC_WARN_ABOUT_RETURN_TYPE = YES;
				GCC_WARN_UNINITIALIZED_AUTOS = YES;
				GCC_WARN_UNUSED_VARIABLE = YES;
				MACOSX_DEPLOYMENT_TARGET = 10.7;
				SDKROOT = macosx;
			};
			name = Release;
		};
		B210EF98153B0A8D005D15EE /* Debug */ = {
			isa = XCBuildConfiguration;
			buildSettings = {
				GCC_PRECOMPILE_PREFIX_HEADER = YES;
				GCC_PREFIX_HEADER = "TestSheet/TestSheet-Prefix.pch";
				INFOPLIST_FILE = "TestSheet/TestSheet-Info.plist";
				PRODUCT_NAME = "$(TARGET_NAME)";
				WRAPPER_EXTENSION = app;
			};
			name = Debug;
		};
		B210EF99153B0A8D005D15EE /* Release */ = {
			isa = XCBuildConfiguration;
			buildSettings = {
				GCC_PRECOMPILE_PREFIX_HEADER = YES;
				GCC_PREFIX_HEADER = "TestSheet/TestSheet-Prefix.pch";
				INFOPLIST_FILE = "TestSheet/TestSheet-Info.plist";
				PRODUCT_NAME = "$(TARGET_NAME)";
				WRAPPER_EXTENSION = app;
			};
			name = Release;
		};
/* End XCBuildConfiguration section */

/* Begin XCConfigurationList section */
		B210EF73153B0A8D005D15EE /* Build configuration list for PBXProject "TestSheet" */ = {
			isa = XCConfigurationList;
			buildConfigurations = (
				B210EF95153B0A8D005D15EE /* Debug */,
				B210EF96153B0A8D005D15EE /* Release */,
			);
			defaultConfigurationIsVisible = 0;
			defaultConfigurationName = Release;
		};
		B210EF97153B0A8D005D15EE /* Build configuration list for PBXNativeTarget "TestSheet" */ = {
			isa = XCConfigurationList;
			buildConfigurations = (
				B210EF98153B0A8D005D15EE /* Debug */,
				B210EF99153B0A8D005D15EE /* Release */,
			);
			defaultConfigurationIsVisible = 0;
			defaultConfigurationName = Release;
		};
/* End XCConfigurationList section */
	};
	rootObject = B210EF70153B0A8D005D15EE /* Project object */;
}
