// !$*UTF8*$!
{
	archiveVersion = 1;
	classes = {
	};
	objectVersion = 46;
	objects = {

/* Begin PBXBuildFile section */
		E10E4CD717298E5F004AB09E /* project.pbxproj in Resources */ = {isa = PBXBuildFile; fileRef = E164FE2A172188F300263CE3 /* project.pbxproj */; };
		E164FDD31720E77100263CE3 /* Cocoa.framework in Frameworks */ = {isa = PBXBuildFile; fileRef = E164FDD21720E77100263CE3 /* Cocoa.framework */; };
		E164FDDF1720E77100263CE3 /* main.m in Sources */ = {isa = PBXBuildFile; fileRef = E164FDDE1720E77100263CE3 /* main.m */; };
		E164FDE91720E77100263CE3 /* MainMenu.xib in Resources */ = {isa = PBXBuildFile; fileRef = E164FDE71720E77100263CE3 /* MainMenu.xib */; };
		E164FDF51720EBC100263CE3 /* AppController.m in Sources */ = {isa = PBXBuildFile; fileRef = E164FDF41720EBC100263CE3 /* AppController.m */; };
		E164FDF71720EBD600263CE3 /* Growl.framework in Frameworks */ = {isa = PBXBuildFile; fileRef = E164FDF61720EBD600263CE3 /* Growl.framework */; };
		E164FDFF1720EC5B00263CE3 /* XcodeCapp.m in Sources */ = {isa = PBXBuildFile; fileRef = E164FDFB1720EC5B00263CE3 /* XcodeCapp.m */; };
		E164FE001720EC5B00263CE3 /* UserDefaults.m in Sources */ = {isa = PBXBuildFile; fileRef = E164FDFD1720EC5B00263CE3 /* UserDefaults.m */; };
		E164FE061720ED4500263CE3 /* InfoPlist.strings in Resources */ = {isa = PBXBuildFile; fileRef = E164FE041720ED4400263CE3 /* InfoPlist.strings */; };
		E164FE181720F44B00263CE3 /* parser.j in Resources */ = {isa = PBXBuildFile; fileRef = E164FE171720F44B00263CE3 /* parser.j */; };
		E164FE1A1720F49A00263CE3 /* Growl Registration Ticket.growlRegDict in Resources */ = {isa = PBXBuildFile; fileRef = E164FE191720F49A00263CE3 /* Growl Registration Ticket.growlRegDict */; };
		E164FE1F1720F51E00263CE3 /* CoreServices.framework in Frameworks */ = {isa = PBXBuildFile; fileRef = E164FE1D1720F50100263CE3 /* CoreServices.framework */; };
		E164FE211720F55600263CE3 /* Growl.framework in CopyFiles */ = {isa = PBXBuildFile; fileRef = E164FDF61720EBD600263CE3 /* Growl.framework */; };
		E164FE2F1721A34900263CE3 /* icon-active.png in Resources */ = {isa = PBXBuildFile; fileRef = E164FE2C1721A34900263CE3 /* icon-active.png */; };
		E164FE301721A34900263CE3 /* icon-inactive.png in Resources */ = {isa = PBXBuildFile; fileRef = E164FE2D1721A34900263CE3 /* icon-inactive.png */; };
		E164FE311721A34900263CE3 /* icon-working.png in Resources */ = {isa = PBXBuildFile; fileRef = E164FE2E1721A34900263CE3 /* icon-working.png */; };
		E170C3FB17296205003DC489 /* pbxprojModifier.py in CopyFiles */ = {isa = PBXBuildFile; fileRef = E164FE141720F40400263CE3 /* pbxprojModifier.py */; };
		E170C3FC1729620C003DC489 /* mod_pbxproj.py in CopyFiles */ = {isa = PBXBuildFile; fileRef = E164FE131720F40400263CE3 /* mod_pbxproj.py */; };
		E170C3FD1729620F003DC489 /* parser.j in CopyFiles */ = {isa = PBXBuildFile; fileRef = E164FE171720F44B00263CE3 /* parser.j */; };
		E170C40317298833003DC489 /* icon-active@2x.png in Resources */ = {isa = PBXBuildFile; fileRef = E170C3FE17298833003DC489 /* icon-active@2x.png */; };
		E170C40417298833003DC489 /* icon-error.png in Resources */ = {isa = PBXBuildFile; fileRef = E170C3FF17298833003DC489 /* icon-error.png */; };
		E170C40517298833003DC489 /* icon-error@2x.png in Resources */ = {isa = PBXBuildFile; fileRef = E170C40017298833003DC489 /* icon-error@2x.png */; };
		E170C40617298833003DC489 /* icon-inactive@2x.png in Resources */ = {isa = PBXBuildFile; fileRef = E170C40117298833003DC489 /* icon-inactive@2x.png */; };
		E170C40717298833003DC489 /* icon-working@2x.png in Resources */ = {isa = PBXBuildFile; fileRef = E170C40217298833003DC489 /* icon-working@2x.png */; };
		E17A822D172700B90095CD83 /* XcodeCapp.iconset in Resources */ = {isa = PBXBuildFile; fileRef = E17A822C172700B90095CD83 /* XcodeCapp.iconset */; };
		E17B55411732F57700809FFB /* Quartz.framework in Frameworks */ = {isa = PBXBuildFile; fileRef = E17B55401732F57700809FFB /* Quartz.framework */; };
		E17B55431732F72700809FFB /* help.pdf in Resources */ = {isa = PBXBuildFile; fileRef = E17B55421732F72700809FFB /* help.pdf */; };
		E17B554D17330E2800809FFB /* DDASLLogger.m in Sources */ = {isa = PBXBuildFile; fileRef = E17B554817330E2800809FFB /* DDASLLogger.m */; };
		E17B554E17330E2800809FFB /* DDLog.m in Sources */ = {isa = PBXBuildFile; fileRef = E17B554A17330E2800809FFB /* DDLog.m */; };
		E17B554F17330E2800809FFB /* DDTTYLogger.m in Sources */ = {isa = PBXBuildFile; fileRef = E17B554C17330E2800809FFB /* DDTTYLogger.m */; };
		E1A5594A172C5EE20088FB61 /* FindSourceFilesOperation.m in Sources */ = {isa = PBXBuildFile; fileRef = E1A55949172C5EE20088FB61 /* FindSourceFilesOperation.m */; };
		E1A5594D172CA8D40088FB61 /* ProcessSourceOperation.m in Sources */ = {isa = PBXBuildFile; fileRef = E1A5594C172CA8D40088FB61 /* ProcessSourceOperation.m */; };
		E1A55954172CBA8E0088FB61 /* Notifications.m in Sources */ = {isa = PBXBuildFile; fileRef = E1A55953172CBA8E0088FB61 /* Notifications.m */; };
		E1E167F1172F3B20003198BA /* DDLogLevel.m in Sources */ = {isa = PBXBuildFile; fileRef = E1E167F0172F3B20003198BA /* DDLogLevel.m */; };
/* End PBXBuildFile section */

/* Begin PBXCopyFilesBuildPhase section */
		E164FE201720F54800263CE3 /* CopyFiles */ = {
			isa = PBXCopyFilesBuildPhase;
			buildActionMask = 2147483647;
			dstPath = "";
			dstSubfolderSpec = 10;
			files = (
				E164FE211720F55600263CE3 /* Growl.framework in CopyFiles */,
			);
			runOnlyForDeploymentPostprocessing = 0;
		};
		E170C3F9172961E6003DC489 /* CopyFiles */ = {
			isa = PBXCopyFilesBuildPhase;
			buildActionMask = 2147483647;
			dstPath = "";
			dstSubfolderSpec = 12;
			files = (
				E170C3FB17296205003DC489 /* pbxprojModifier.py in CopyFiles */,
				E170C3FC1729620C003DC489 /* mod_pbxproj.py in CopyFiles */,
				E170C3FD1729620F003DC489 /* parser.j in CopyFiles */,
			);
			runOnlyForDeploymentPostprocessing = 0;
		};
/* End PBXCopyFilesBuildPhase section */

/* Begin PBXFileReference section */
		E132ED991724B71600D870AE /* XcodeCapp.h */ = {isa = PBXFileReference; fileEncoding = 4; lastKnownFileType = sourcecode.c.h; path = XcodeCapp.h; sourceTree = "<group>"; };
		E132ED9A1724B71D00D870AE /* AppController.h */ = {isa = PBXFileReference; fileEncoding = 4; lastKnownFileType = sourcecode.c.h; path = AppController.h; sourceTree = "<group>"; };
		E164FDCF1720E77100263CE3 /* XcodeCapp.app */ = {isa = PBXFileReference; explicitFileType = wrapper.application; includeInIndex = 0; path = XcodeCapp.app; sourceTree = BUILT_PRODUCTS_DIR; };
		E164FDD21720E77100263CE3 /* Cocoa.framework */ = {isa = PBXFileReference; lastKnownFileType = wrapper.framework; name = Cocoa.framework; path = System/Library/Frameworks/Cocoa.framework; sourceTree = SDKROOT; };
		E164FDD51720E77100263CE3 /* AppKit.framework */ = {isa = PBXFileReference; lastKnownFileType = wrapper.framework; name = AppKit.framework; path = System/Library/Frameworks/AppKit.framework; sourceTree = SDKROOT; };
		E164FDD61720E77100263CE3 /* CoreData.framework */ = {isa = PBXFileReference; lastKnownFileType = wrapper.framework; name = CoreData.framework; path = System/Library/Frameworks/CoreData.framework; sourceTree = SDKROOT; };
		E164FDD71720E77100263CE3 /* Foundation.framework */ = {isa = PBXFileReference; lastKnownFileType = wrapper.framework; name = Foundation.framework; path = System/Library/Frameworks/Foundation.framework; sourceTree = SDKROOT; };
		E164FDDA1720E77100263CE3 /* Info.plist */ = {isa = PBXFileReference; lastKnownFileType = text.plist.xml; path = Info.plist; sourceTree = "<group>"; };
		E164FDDE1720E77100263CE3 /* main.m */ = {isa = PBXFileReference; lastKnownFileType = sourcecode.c.objc; path = main.m; sourceTree = "<group>"; };
		E164FDE01720E77100263CE3 /* XcodeCapp-Prefix.pch */ = {isa = PBXFileReference; lastKnownFileType = sourcecode.c.h; path = "XcodeCapp-Prefix.pch"; sourceTree = "<group>"; };
		E164FDE81720E77100263CE3 /* en */ = {isa = PBXFileReference; lastKnownFileType = file.xib; name = en; path = en.lproj/MainMenu.xib; sourceTree = "<group>"; };
		E164FDEF1720E7FA00263CE3 /* Debug.xcconfig */ = {isa = PBXFileReference; fileEncoding = 4; lastKnownFileType = text.xcconfig; path = Debug.xcconfig; sourceTree = "<group>"; };
		E164FDF01720E7FA00263CE3 /* Release.xcconfig */ = {isa = PBXFileReference; fileEncoding = 4; lastKnownFileType = text.xcconfig; path = Release.xcconfig; sourceTree = "<group>"; };
		E164FDF41720EBC100263CE3 /* AppController.m */ = {isa = PBXFileReference; fileEncoding = 4; lastKnownFileType = sourcecode.c.objc; lineEnding = 0; path = AppController.m; sourceTree = "<group>"; xcLanguageSpecificationIdentifier = xcode.lang.objc; };
		E164FDF61720EBD600263CE3 /* Growl.framework */ = {isa = PBXFileReference; lastKnownFileType = wrapper.framework; name = Growl.framework; path = XcodeCapp/Growl.framework; sourceTree = SOURCE_ROOT; };
		E164FDFB1720EC5B00263CE3 /* XcodeCapp.m */ = {isa = PBXFileReference; fileEncoding = 4; lastKnownFileType = sourcecode.c.objc; lineEnding = 0; path = XcodeCapp.m; sourceTree = "<group>"; usesTabs = 0; xcLanguageSpecificationIdentifier = xcode.lang.objc; };
		E164FDFD1720EC5B00263CE3 /* UserDefaults.m */ = {isa = PBXFileReference; fileEncoding = 4; lastKnownFileType = sourcecode.c.objc; lineEnding = 0; path = UserDefaults.m; sourceTree = "<group>"; xcLanguageSpecificationIdentifier = xcode.lang.objc; };
		E164FE051720ED4500263CE3 /* en */ = {isa = PBXFileReference; lastKnownFileType = text.plist.strings; name = en; path = XcodeCapp/en.lproj/InfoPlist.strings; sourceTree = "<group>"; };
		E164FE131720F40400263CE3 /* mod_pbxproj.py */ = {isa = PBXFileReference; fileEncoding = 4; lastKnownFileType = text.script.python; path = mod_pbxproj.py; sourceTree = "<group>"; };
		E164FE141720F40400263CE3 /* pbxprojModifier.py */ = {isa = PBXFileReference; fileEncoding = 4; lastKnownFileType = text.script.python; path = pbxprojModifier.py; sourceTree = "<group>"; };
		E164FE171720F44B00263CE3 /* parser.j */ = {isa = PBXFileReference; fileEncoding = 4; lastKnownFileType = text; path = parser.j; sourceTree = "<group>"; };
		E164FE191720F49A00263CE3 /* Growl Registration Ticket.growlRegDict */ = {isa = PBXFileReference; fileEncoding = 4; lastKnownFileType = text.xml; path = "Growl Registration Ticket.growlRegDict"; sourceTree = "<group>"; };
		E164FE1D1720F50100263CE3 /* CoreServices.framework */ = {isa = PBXFileReference; lastKnownFileType = wrapper.framework; name = CoreServices.framework; path = System/Library/Frameworks/CoreServices.framework; sourceTree = SDKROOT; };
		E164FE2A172188F300263CE3 /* project.pbxproj */ = {isa = PBXFileReference; fileEncoding = 4; lastKnownFileType = text.pbxproject; lineEnding = 0; name = project.pbxproj; path = Resources/project.pbxproj; sourceTree = "<group>"; };
		E164FE2C1721A34900263CE3 /* icon-active.png */ = {isa = PBXFileReference; lastKnownFileType = image.png; name = "icon-active.png"; path = "Resources/icon-active.png"; sourceTree = "<group>"; };
		E164FE2D1721A34900263CE3 /* icon-inactive.png */ = {isa = PBXFileReference; lastKnownFileType = image.png; name = "icon-inactive.png"; path = "Resources/icon-inactive.png"; sourceTree = "<group>"; };
		E164FE2E1721A34900263CE3 /* icon-working.png */ = {isa = PBXFileReference; lastKnownFileType = image.png; name = "icon-working.png"; path = "Resources/icon-working.png"; sourceTree = "<group>"; };
		E170C3FE17298833003DC489 /* icon-active@2x.png */ = {isa = PBXFileReference; lastKnownFileType = image.png; name = "icon-active@2x.png"; path = "Resources/icon-active@2x.png"; sourceTree = "<group>"; };
		E170C3FF17298833003DC489 /* icon-error.png */ = {isa = PBXFileReference; lastKnownFileType = image.png; name = "icon-error.png"; path = "Resources/icon-error.png"; sourceTree = "<group>"; };
		E170C40017298833003DC489 /* icon-error@2x.png */ = {isa = PBXFileReference; lastKnownFileType = image.png; name = "icon-error@2x.png"; path = "Resources/icon-error@2x.png"; sourceTree = "<group>"; };
		E170C40117298833003DC489 /* icon-inactive@2x.png */ = {isa = PBXFileReference; lastKnownFileType = image.png; name = "icon-inactive@2x.png"; path = "Resources/icon-inactive@2x.png"; sourceTree = "<group>"; };
		E170C40217298833003DC489 /* icon-working@2x.png */ = {isa = PBXFileReference; lastKnownFileType = image.png; name = "icon-working@2x.png"; path = "Resources/icon-working@2x.png"; sourceTree = "<group>"; };
		E17A822C172700B90095CD83 /* XcodeCapp.iconset */ = {isa = PBXFileReference; lastKnownFileType = folder.iconset; name = XcodeCapp.iconset; path = Resources/XcodeCapp.iconset; sourceTree = "<group>"; };
		E17B55401732F57700809FFB /* Quartz.framework */ = {isa = PBXFileReference; lastKnownFileType = wrapper.framework; name = Quartz.framework; path = System/Library/Frameworks/Quartz.framework; sourceTree = SDKROOT; };
		E17B55421732F72700809FFB /* help.pdf */ = {isa = PBXFileReference; lastKnownFileType = image.pdf; name = help.pdf; path = Resources/help.pdf; sourceTree = "<group>"; };
		E17B554717330E2800809FFB /* DDASLLogger.h */ = {isa = PBXFileReference; fileEncoding = 4; lastKnownFileType = sourcecode.c.h; path = DDASLLogger.h; sourceTree = "<group>"; };
		E17B554817330E2800809FFB /* DDASLLogger.m */ = {isa = PBXFileReference; fileEncoding = 4; lastKnownFileType = sourcecode.c.objc; path = DDASLLogger.m; sourceTree = "<group>"; };
		E17B554917330E2800809FFB /* DDLog.h */ = {isa = PBXFileReference; fileEncoding = 4; lastKnownFileType = sourcecode.c.h; path = DDLog.h; sourceTree = "<group>"; };
		E17B554A17330E2800809FFB /* DDLog.m */ = {isa = PBXFileReference; fileEncoding = 4; lastKnownFileType = sourcecode.c.objc; path = DDLog.m; sourceTree = "<group>"; };
		E17B554B17330E2800809FFB /* DDTTYLogger.h */ = {isa = PBXFileReference; fileEncoding = 4; lastKnownFileType = sourcecode.c.h; path = DDTTYLogger.h; sourceTree = "<group>"; };
		E17B554C17330E2800809FFB /* DDTTYLogger.m */ = {isa = PBXFileReference; fileEncoding = 4; lastKnownFileType = sourcecode.c.objc; path = DDTTYLogger.m; sourceTree = "<group>"; };
		E1A55948172C5EE20088FB61 /* FindSourceFilesOperation.h */ = {isa = PBXFileReference; fileEncoding = 4; lastKnownFileType = sourcecode.c.h; lineEnding = 0; path = FindSourceFilesOperation.h; sourceTree = "<group>"; xcLanguageSpecificationIdentifier = xcode.lang.objcpp; };
		E1A55949172C5EE20088FB61 /* FindSourceFilesOperation.m */ = {isa = PBXFileReference; fileEncoding = 4; lastKnownFileType = sourcecode.c.objc; lineEnding = 0; path = FindSourceFilesOperation.m; sourceTree = "<group>"; xcLanguageSpecificationIdentifier = xcode.lang.objc; };
		E1A5594B172CA8D40088FB61 /* ProcessSourceOperation.h */ = {isa = PBXFileReference; fileEncoding = 4; lastKnownFileType = sourcecode.c.h; path = ProcessSourceOperation.h; sourceTree = "<group>"; };
		E1A5594C172CA8D40088FB61 /* ProcessSourceOperation.m */ = {isa = PBXFileReference; fileEncoding = 4; lastKnownFileType = sourcecode.c.objc; lineEnding = 0; path = ProcessSourceOperation.m; sourceTree = "<group>"; xcLanguageSpecificationIdentifier = xcode.lang.objc; };
		E1A55952172CBA6E0088FB61 /* Notifications.h */ = {isa = PBXFileReference; lastKnownFileType = sourcecode.c.h; path = Notifications.h; sourceTree = "<group>"; };
		E1A55953172CBA8E0088FB61 /* Notifications.m */ = {isa = PBXFileReference; fileEncoding = 4; lastKnownFileType = sourcecode.c.objc; path = Notifications.m; sourceTree = "<group>"; };
		E1DD4DF517282BFC0063C0D7 /* UserDefaults.h */ = {isa = PBXFileReference; lastKnownFileType = sourcecode.c.h; lineEnding = 0; path = UserDefaults.h; sourceTree = "<group>"; xcLanguageSpecificationIdentifier = xcode.lang.objcpp; };
		E1E167EF172F3B20003198BA /* DDLogLevel.h */ = {isa = PBXFileReference; fileEncoding = 4; lastKnownFileType = sourcecode.c.h; lineEnding = 0; path = DDLogLevel.h; sourceTree = "<group>"; xcLanguageSpecificationIdentifier = xcode.lang.objcpp; };
		E1E167F0172F3B20003198BA /* DDLogLevel.m */ = {isa = PBXFileReference; fileEncoding = 4; lastKnownFileType = sourcecode.c.objc; lineEnding = 0; path = DDLogLevel.m; sourceTree = "<group>"; xcLanguageSpecificationIdentifier = xcode.lang.objc; };
/* End PBXFileReference section */

/* Begin PBXFrameworksBuildPhase section */
		E164FDCC1720E77100263CE3 /* Frameworks */ = {
			isa = PBXFrameworksBuildPhase;
			buildActionMask = 2147483647;
			files = (
				E164FDD31720E77100263CE3 /* Cocoa.framework in Frameworks */,
				E164FE1F1720F51E00263CE3 /* CoreServices.framework in Frameworks */,
				E17B55411732F57700809FFB /* Quartz.framework in Frameworks */,
				E164FDF71720EBD600263CE3 /* Growl.framework in Frameworks */,
			);
			runOnlyForDeploymentPostprocessing = 0;
		};
/* End PBXFrameworksBuildPhase section */

/* Begin PBXGroup section */
		E164FDC61720E77100263CE3 = {
			isa = PBXGroup;
			children = (
				E164FDD81720E77100263CE3 /* XcodeCapp */,
				E164FDD11720E77100263CE3 /* Frameworks */,
				E164FDD01720E77100263CE3 /* Products */,
			);
			sourceTree = "<group>";
		};
		E164FDD01720E77100263CE3 /* Products */ = {
			isa = PBXGroup;
			children = (
				E164FDCF1720E77100263CE3 /* XcodeCapp.app */,
			);
			name = Products;
			sourceTree = "<group>";
		};
		E164FDD11720E77100263CE3 /* Frameworks */ = {
			isa = PBXGroup;
			children = (
				E164FDD21720E77100263CE3 /* Cocoa.framework */,
				E164FE1D1720F50100263CE3 /* CoreServices.framework */,
				E164FDF61720EBD600263CE3 /* Growl.framework */,
				E164FDD41720E77100263CE3 /* Other Frameworks */,
			);
			name = Frameworks;
			sourceTree = "<group>";
		};
		E164FDD41720E77100263CE3 /* Other Frameworks */ = {
			isa = PBXGroup;
			children = (
				E164FDD51720E77100263CE3 /* AppKit.framework */,
				E164FDD61720E77100263CE3 /* CoreData.framework */,
				E164FDD71720E77100263CE3 /* Foundation.framework */,
				E17B55401732F57700809FFB /* Quartz.framework */,
			);
			name = "Other Frameworks";
			sourceTree = "<group>";
		};
		E164FDD81720E77100263CE3 /* XcodeCapp */ = {
			isa = PBXGroup;
			children = (
				E164FDF41720EBC100263CE3 /* AppController.m */,
				E132ED9A1724B71D00D870AE /* AppController.h */,
				E164FDFB1720EC5B00263CE3 /* XcodeCapp.m */,
				E132ED991724B71600D870AE /* XcodeCapp.h */,
				E1A55947172C5EA80088FB61 /* Operations */,
				E164FDFD1720EC5B00263CE3 /* UserDefaults.m */,
				E1DD4DF517282BFC0063C0D7 /* UserDefaults.h */,
				E1A55952172CBA6E0088FB61 /* Notifications.h */,
				E1A55953172CBA8E0088FB61 /* Notifications.m */,
				E1E167EF172F3B20003198BA /* DDLogLevel.h */,
				E1E167F0172F3B20003198BA /* DDLogLevel.m */,
				E17B554617330E2800809FFB /* Lumberjack */,
				E164FE121720F3E100263CE3 /* Scripts */,
				E164FE071720F25400263CE3 /* Resources */,
				E164FDD91720E77100263CE3 /* Supporting Files */,
			);
			path = XcodeCapp;
			sourceTree = "<group>";
		};
		E164FDD91720E77100263CE3 /* Supporting Files */ = {
			isa = PBXGroup;
			children = (
				E164FDDA1720E77100263CE3 /* Info.plist */,
				E164FE041720ED4400263CE3 /* InfoPlist.strings */,
				E164FDDE1720E77100263CE3 /* main.m */,
				E164FDE01720E77100263CE3 /* XcodeCapp-Prefix.pch */,
				E164FDEF1720E7FA00263CE3 /* Debug.xcconfig */,
				E164FDF01720E7FA00263CE3 /* Release.xcconfig */,
			);
			name = "Supporting Files";
			sourceTree = "<group>";
		};
		E164FE071720F25400263CE3 /* Resources */ = {
			isa = PBXGroup;
			children = (
				E164FDE71720E77100263CE3 /* MainMenu.xib */,
				E164FE2D1721A34900263CE3 /* icon-inactive.png */,
				E170C40117298833003DC489 /* icon-inactive@2x.png */,
				E164FE2E1721A34900263CE3 /* icon-working.png */,
				E170C40217298833003DC489 /* icon-working@2x.png */,
				E164FE2C1721A34900263CE3 /* icon-active.png */,
				E170C3FE17298833003DC489 /* icon-active@2x.png */,
				E170C3FF17298833003DC489 /* icon-error.png */,
				E170C40017298833003DC489 /* icon-error@2x.png */,
				E17A822C172700B90095CD83 /* XcodeCapp.iconset */,
				E17B55421732F72700809FFB /* help.pdf */,
				E164FE2A172188F300263CE3 /* project.pbxproj */,
				E164FE191720F49A00263CE3 /* Growl Registration Ticket.growlRegDict */,
			);
			name = Resources;
			sourceTree = "<group>";
		};
		E164FE121720F3E100263CE3 /* Scripts */ = {
			isa = PBXGroup;
			children = (
				E164FE171720F44B00263CE3 /* parser.j */,
				E164FE141720F40400263CE3 /* pbxprojModifier.py */,
				E164FE131720F40400263CE3 /* mod_pbxproj.py */,
			);
			path = Scripts;
			sourceTree = "<group>";
		};
		E17B554617330E2800809FFB /* Lumberjack */ = {
			isa = PBXGroup;
			children = (
				E17B554717330E2800809FFB /* DDASLLogger.h */,
				E17B554817330E2800809FFB /* DDASLLogger.m */,
				E17B554917330E2800809FFB /* DDLog.h */,
				E17B554A17330E2800809FFB /* DDLog.m */,
				E17B554B17330E2800809FFB /* DDTTYLogger.h */,
				E17B554C17330E2800809FFB /* DDTTYLogger.m */,
			);
			path = Lumberjack;
			sourceTree = "<group>";
		};
		E1A55947172C5EA80088FB61 /* Operations */ = {
			isa = PBXGroup;
			children = (
				E1A55949172C5EE20088FB61 /* FindSourceFilesOperation.m */,
				E1A55948172C5EE20088FB61 /* FindSourceFilesOperation.h */,
				E1A5594C172CA8D40088FB61 /* ProcessSourceOperation.m */,
				E1A5594B172CA8D40088FB61 /* ProcessSourceOperation.h */,
			);
			name = Operations;
			sourceTree = "<group>";
		};
/* End PBXGroup section */

/* Begin PBXNativeTarget section */
		E164FDCE1720E77100263CE3 /* XcodeCapp */ = {
			isa = PBXNativeTarget;
			buildConfigurationList = E164FDEC1720E77100263CE3 /* Build configuration list for PBXNativeTarget "XcodeCapp" */;
			buildPhases = (
				E164FDCB1720E77100263CE3 /* Sources */,
				E164FDCC1720E77100263CE3 /* Frameworks */,
				E164FDCD1720E77100263CE3 /* Resources */,
				E164FE201720F54800263CE3 /* CopyFiles */,
				E170C3F9172961E6003DC489 /* CopyFiles */,
			);
			buildRules = (
			);
			dependencies = (
			);
			name = XcodeCapp;
			productName = XcodeCapp;
			productReference = E164FDCF1720E77100263CE3 /* XcodeCapp.app */;
			productType = "com.apple.product-type.application";
		};
/* End PBXNativeTarget section */

/* Begin PBXProject section */
		E164FDC71720E77100263CE3 /* Project object */ = {
			isa = PBXProject;
			attributes = {
				LastUpgradeCheck = 0460;
				ORGANIZATIONNAME = "Cappuccino Project";
			};
			buildConfigurationList = E164FDCA1720E77100263CE3 /* Build configuration list for PBXProject "XcodeCapp" */;
			compatibilityVersion = "Xcode 3.2";
			developmentRegion = English;
			hasScannedForEncodings = 0;
			knownRegions = (
				en,
			);
			mainGroup = E164FDC61720E77100263CE3;
			productRefGroup = E164FDD01720E77100263CE3 /* Products */;
			projectDirPath = "";
			projectRoot = "";
			targets = (
				E164FDCE1720E77100263CE3 /* XcodeCapp */,
			);
		};
/* End PBXProject section */

/* Begin PBXResourcesBuildPhase section */
		E164FDCD1720E77100263CE3 /* Resources */ = {
			isa = PBXResourcesBuildPhase;
			buildActionMask = 2147483647;
			files = (
				E164FDE91720E77100263CE3 /* MainMenu.xib in Resources */,
				E164FE061720ED4500263CE3 /* InfoPlist.strings in Resources */,
				E10E4CD717298E5F004AB09E /* project.pbxproj in Resources */,
				E164FE181720F44B00263CE3 /* parser.j in Resources */,
				E164FE1A1720F49A00263CE3 /* Growl Registration Ticket.growlRegDict in Resources */,
				E164FE2F1721A34900263CE3 /* icon-active.png in Resources */,
				E164FE301721A34900263CE3 /* icon-inactive.png in Resources */,
				E164FE311721A34900263CE3 /* icon-working.png in Resources */,
				E17A822D172700B90095CD83 /* XcodeCapp.iconset in Resources */,
				E170C40317298833003DC489 /* icon-active@2x.png in Resources */,
				E170C40417298833003DC489 /* icon-error.png in Resources */,
				E170C40517298833003DC489 /* icon-error@2x.png in Resources */,
				E170C40617298833003DC489 /* icon-inactive@2x.png in Resources */,
				E170C40717298833003DC489 /* icon-working@2x.png in Resources */,
				E17B55431732F72700809FFB /* help.pdf in Resources */,
			);
			runOnlyForDeploymentPostprocessing = 0;
		};
/* End PBXResourcesBuildPhase section */

/* Begin PBXSourcesBuildPhase section */
		E164FDCB1720E77100263CE3 /* Sources */ = {
			isa = PBXSourcesBuildPhase;
			buildActionMask = 2147483647;
			files = (
				E164FDDF1720E77100263CE3 /* main.m in Sources */,
				E164FDF51720EBC100263CE3 /* AppController.m in Sources */,
				E164FDFF1720EC5B00263CE3 /* XcodeCapp.m in Sources */,
				E164FE001720EC5B00263CE3 /* UserDefaults.m in Sources */,
				E1A5594A172C5EE20088FB61 /* FindSourceFilesOperation.m in Sources */,
				E1A5594D172CA8D40088FB61 /* ProcessSourceOperation.m in Sources */,
				E1A55954172CBA8E0088FB61 /* Notifications.m in Sources */,
				E1E167F1172F3B20003198BA /* DDLogLevel.m in Sources */,
				E17B554D17330E2800809FFB /* DDASLLogger.m in Sources */,
				E17B554E17330E2800809FFB /* DDLog.m in Sources */,
				E17B554F17330E2800809FFB /* DDTTYLogger.m in Sources */,
			);
			runOnlyForDeploymentPostprocessing = 0;
		};
/* End PBXSourcesBuildPhase section */

/* Begin PBXVariantGroup section */
		E164FDE71720E77100263CE3 /* MainMenu.xib */ = {
			isa = PBXVariantGroup;
			children = (
				E164FDE81720E77100263CE3 /* en */,
			);
			name = MainMenu.xib;
			sourceTree = "<group>";
		};
		E164FE041720ED4400263CE3 /* InfoPlist.strings */ = {
			isa = PBXVariantGroup;
			children = (
				E164FE051720ED4500263CE3 /* en */,
			);
			name = InfoPlist.strings;
			path = ..;
			sourceTree = "<group>";
		};
/* End PBXVariantGroup section */

/* Begin XCBuildConfiguration section */
		E164FDEA1720E77100263CE3 /* Debug */ = {
			isa = XCBuildConfiguration;
			baseConfigurationReference = E164FDEF1720E7FA00263CE3 /* Debug.xcconfig */;
			buildSettings = {
			};
			name = Debug;
		};
		E164FDEB1720E77100263CE3 /* Release */ = {
			isa = XCBuildConfiguration;
			baseConfigurationReference = E164FDF01720E7FA00263CE3 /* Release.xcconfig */;
			buildSettings = {
				COPY_PHASE_STRIP = NO;
			};
			name = Release;
		};
		E164FDED1720E77100263CE3 /* Debug */ = {
			isa = XCBuildConfiguration;
			buildSettings = {
				FRAMEWORK_SEARCH_PATHS = (
					"$(inherited)",
					"\"$(SRCROOT)/XcodeCapp\"",
				);
				MACOSX_DEPLOYMENT_TARGET = 10.6.8;
			};
			name = Debug;
		};
		E164FDEE1720E77100263CE3 /* Release */ = {
			isa = XCBuildConfiguration;
			buildSettings = {
				FRAMEWORK_SEARCH_PATHS = (
					"$(inherited)",
					"\"$(SRCROOT)/XcodeCapp\"",
				);
				MACOSX_DEPLOYMENT_TARGET = 10.6.8;
			};
			name = Release;
		};
/* End XCBuildConfiguration section */

/* Begin XCConfigurationList section */
		E164FDCA1720E77100263CE3 /* Build configuration list for PBXProject "XcodeCapp" */ = {
			isa = XCConfigurationList;
			buildConfigurations = (
				E164FDEA1720E77100263CE3 /* Debug */,
				E164FDEB1720E77100263CE3 /* Release */,
			);
			defaultConfigurationIsVisible = 0;
			defaultConfigurationName = Release;
		};
		E164FDEC1720E77100263CE3 /* Build configuration list for PBXNativeTarget "XcodeCapp" */ = {
			isa = XCConfigurationList;
			buildConfigurations = (
				E164FDED1720E77100263CE3 /* Debug */,
				E164FDEE1720E77100263CE3 /* Release */,
			);
			defaultConfigurationIsVisible = 0;
			defaultConfigurationName = Release;
		};
/* End XCConfigurationList section */
	};
	rootObject = E164FDC71720E77100263CE3 /* Project object */;
}
