// !$*UTF8*$!
{
	archiveVersion = 1;
	classes = {
	};
	objectVersion = 45;
	objects = {

/* Begin PBXBuildFile section */
		024A03DD13696C1900DCBE4D /* xcodecapp-cocoa.icns in Resources */ = {isa = PBXBuildFile; fileRef = 024A03DC13696C1900DCBE4D /* xcodecapp-cocoa.icns */; };
		024A03DF13696D9500DCBE4D /* xcodecapp-cocoa.png in Resources */ = {isa = PBXBuildFile; fileRef = 024A03DE13696D9500DCBE4D /* xcodecapp-cocoa.png */; };
		024A040B13698E7800DCBE4D /* project.pbxproj in Resources */ = {isa = PBXBuildFile; fileRef = 024A040A13698E7700DCBE4D /* project.pbxproj */; };
		024A041213699D6800DCBE4D /* parser.j in Sources */ = {isa = PBXBuildFile; fileRef = 024A041113699D6800DCBE4D /* parser.j */; };
		024A041413699DD400DCBE4D /* parser.j in Resources */ = {isa = PBXBuildFile; fileRef = 024A041113699D6800DCBE4D /* parser.j */; };
		027D999B13696A7000D3DB13 /* MainMenu.nib in Resources */ = {isa = PBXBuildFile; fileRef = 29B97318FDCFA39411CA2CEA /* MainMenu.nib */; };
		027D999C13696A7000D3DB13 /* InfoPlist.strings in Resources */ = {isa = PBXBuildFile; fileRef = 089C165CFE840E0CC02AAC07 /* InfoPlist.strings */; };
		027D999E13696A7000D3DB13 /* main.m in Sources */ = {isa = PBXBuildFile; fileRef = 29B97316FDCFA39411CA2CEA /* main.m */; settings = {ATTRIBUTES = (); }; };
		027D999F13696A7000D3DB13 /* AppController.m in Sources */ = {isa = PBXBuildFile; fileRef = 8E01A91E0DE9EED20008BB35 /* AppController.m */; };
		027D99A113696A7000D3DB13 /* Cocoa.framework in Frameworks */ = {isa = PBXBuildFile; fileRef = 1058C7A1FEA54F0111CA2CBB /* Cocoa.framework */; };
		027D99A213696A7000D3DB13 /* CoreServices.framework in Frameworks */ = {isa = PBXBuildFile; fileRef = 8E01A8DD0DE51A7C0008BB35 /* CoreServices.framework */; };
		02998CEB1369BF7D006C73DB /* Growl Registration Ticket.growlRegDict in Resources */ = {isa = PBXBuildFile; fileRef = 02998CEA1369BF7D006C73DB /* Growl Registration Ticket.growlRegDict */; };
		02998CF71369C339006C73DB /* Growl.framework in Frameworks */ = {isa = PBXBuildFile; fileRef = 02998CF61369C339006C73DB /* Growl.framework */; };
		02998CF91369C38A006C73DB /* Growl.framework in CopyFiles */ = {isa = PBXBuildFile; fileRef = 02998CF61369C339006C73DB /* Growl.framework */; };
/* End PBXBuildFile section */

/* Begin PBXCopyFilesBuildPhase section */
		02998CF81369C383006C73DB /* CopyFiles */ = {
			isa = PBXCopyFilesBuildPhase;
			buildActionMask = 2147483647;
			dstPath = "";
			dstSubfolderSpec = 10;
			files = (
				02998CF91369C38A006C73DB /* Growl.framework in CopyFiles */,
			);
			runOnlyForDeploymentPostprocessing = 0;
		};
/* End PBXCopyFilesBuildPhase section */

/* Begin PBXFileReference section */
		024A03DC13696C1900DCBE4D /* xcodecapp-cocoa.icns */ = {isa = PBXFileReference; lastKnownFileType = image.icns; path = "xcodecapp-cocoa.icns"; sourceTree = "<group>"; };
		024A03DE13696D9500DCBE4D /* xcodecapp-cocoa.png */ = {isa = PBXFileReference; lastKnownFileType = image.png; path = "xcodecapp-cocoa.png"; sourceTree = "<group>"; };
		024A040A13698E7700DCBE4D /* project.pbxproj */ = {isa = PBXFileReference; fileEncoding = 4; lastKnownFileType = text.pbxproject; path = project.pbxproj; sourceTree = "<group>"; };
		024A041113699D6800DCBE4D /* parser.j */ = {isa = PBXFileReference; fileEncoding = 4; lastKnownFileType = sourcecode.objj; path = parser.j; sourceTree = "<group>"; };
		027D9989136969DD00D3DB13 /* xcodecapp-cocoa.pch */ = {isa = PBXFileReference; fileEncoding = 4; lastKnownFileType = sourcecode.c.h; path = "xcodecapp-cocoa.pch"; sourceTree = "<group>"; };
		027D99A613696A7000D3DB13 /* xcodecapp-cocoa.app */ = {isa = PBXFileReference; explicitFileType = wrapper.application; includeInIndex = 0; path = "xcodecapp-cocoa.app"; sourceTree = BUILT_PRODUCTS_DIR; };
		02998CEA1369BF7D006C73DB /* Growl Registration Ticket.growlRegDict */ = {isa = PBXFileReference; fileEncoding = 4; lastKnownFileType = text.xml; path = "Growl Registration Ticket.growlRegDict"; sourceTree = "<group>"; };
		02998CF61369C339006C73DB /* Growl.framework */ = {isa = PBXFileReference; lastKnownFileType = wrapper.framework; path = Growl.framework; sourceTree = "<group>"; };
		089C165DFE840E0CC02AAC07 /* English */ = {isa = PBXFileReference; fileEncoding = 10; lastKnownFileType = text.plist.strings; name = English; path = English.lproj/InfoPlist.strings; sourceTree = "<group>"; };
		1058C7A1FEA54F0111CA2CBB /* Cocoa.framework */ = {isa = PBXFileReference; lastKnownFileType = wrapper.framework; name = Cocoa.framework; path = /System/Library/Frameworks/Cocoa.framework; sourceTree = "<absolute>"; };
		13E42FB307B3F0F600E4EEF1 /* CoreData.framework */ = {isa = PBXFileReference; lastKnownFileType = wrapper.framework; name = CoreData.framework; path = /System/Library/Frameworks/CoreData.framework; sourceTree = "<absolute>"; };
		29B97316FDCFA39411CA2CEA /* main.m */ = {isa = PBXFileReference; fileEncoding = 4; lastKnownFileType = sourcecode.c.objc; path = main.m; sourceTree = "<group>"; };
		29B97319FDCFA39411CA2CEA /* English */ = {isa = PBXFileReference; lastKnownFileType = wrapper.nib; name = English; path = English.lproj/MainMenu.nib; sourceTree = "<group>"; };
		29B97324FDCFA39411CA2CEA /* AppKit.framework */ = {isa = PBXFileReference; lastKnownFileType = wrapper.framework; name = AppKit.framework; path = /System/Library/Frameworks/AppKit.framework; sourceTree = "<absolute>"; };
		29B97325FDCFA39411CA2CEA /* Foundation.framework */ = {isa = PBXFileReference; lastKnownFileType = wrapper.framework; name = Foundation.framework; path = /System/Library/Frameworks/Foundation.framework; sourceTree = "<absolute>"; };
		8D1107310486CEB800E47090 /* Info.plist */ = {isa = PBXFileReference; fileEncoding = 4; lastKnownFileType = text.plist.xml; path = Info.plist; sourceTree = "<group>"; };
		8E01A8DD0DE51A7C0008BB35 /* CoreServices.framework */ = {isa = PBXFileReference; lastKnownFileType = wrapper.framework; name = CoreServices.framework; path = /System/Library/Frameworks/CoreServices.framework; sourceTree = "<absolute>"; };
		8E01A91D0DE9EED20008BB35 /* AppController.h */ = {isa = PBXFileReference; fileEncoding = 4; lastKnownFileType = sourcecode.c.h; path = AppController.h; sourceTree = "<group>"; };
		8E01A91E0DE9EED20008BB35 /* AppController.m */ = {isa = PBXFileReference; fileEncoding = 4; lastKnownFileType = sourcecode.c.objc; path = AppController.m; sourceTree = "<group>"; };
/* End PBXFileReference section */

/* Begin PBXFrameworksBuildPhase section */
		027D99A013696A7000D3DB13 /* Frameworks */ = {
			isa = PBXFrameworksBuildPhase;
			buildActionMask = 2147483647;
			files = (
				027D99A113696A7000D3DB13 /* Cocoa.framework in Frameworks */,
				027D99A213696A7000D3DB13 /* CoreServices.framework in Frameworks */,
				02998CF71369C339006C73DB /* Growl.framework in Frameworks */,
			);
			runOnlyForDeploymentPostprocessing = 0;
		};
/* End PBXFrameworksBuildPhase section */

/* Begin PBXGroup section */
		080E96DDFE201D6D7F000001 /* Classes */ = {
			isa = PBXGroup;
			children = (
				8E01A91D0DE9EED20008BB35 /* AppController.h */,
				8E01A91E0DE9EED20008BB35 /* AppController.m */,
			);
			name = Classes;
			sourceTree = "<group>";
		};
		1058C7A0FEA54F0111CA2CBB /* Linked Frameworks */ = {
			isa = PBXGroup;
			children = (
				8E01A8DD0DE51A7C0008BB35 /* CoreServices.framework */,
				1058C7A1FEA54F0111CA2CBB /* Cocoa.framework */,
			);
			name = "Linked Frameworks";
			sourceTree = "<group>";
		};
		1058C7A2FEA54F0111CA2CBB /* Other Frameworks */ = {
			isa = PBXGroup;
			children = (
				29B97324FDCFA39411CA2CEA /* AppKit.framework */,
				13E42FB307B3F0F600E4EEF1 /* CoreData.framework */,
				29B97325FDCFA39411CA2CEA /* Foundation.framework */,
			);
			name = "Other Frameworks";
			sourceTree = "<group>";
		};
		19C28FACFE9D520D11CA2CBB /* Products */ = {
			isa = PBXGroup;
			children = (
				027D99A613696A7000D3DB13 /* xcodecapp-cocoa.app */,
			);
			name = Products;
			sourceTree = "<group>";
		};
		29B97314FDCFA39411CA2CEA /* xcodecapp-cocoa */ = {
			isa = PBXGroup;
			children = (
				080E96DDFE201D6D7F000001 /* Classes */,
				29B97315FDCFA39411CA2CEA /* Other Sources */,
				29B97317FDCFA39411CA2CEA /* Resources */,
				29B97323FDCFA39411CA2CEA /* Frameworks */,
				19C28FACFE9D520D11CA2CBB /* Products */,
			);
			name = "xcodecapp-cocoa";
			sourceTree = "<group>";
		};
		29B97315FDCFA39411CA2CEA /* Other Sources */ = {
			isa = PBXGroup;
			children = (
				027D9989136969DD00D3DB13 /* xcodecapp-cocoa.pch */,
				29B97316FDCFA39411CA2CEA /* main.m */,
			);
			name = "Other Sources";
			sourceTree = "<group>";
		};
		29B97317FDCFA39411CA2CEA /* Resources */ = {
			isa = PBXGroup;
			children = (
				024A041113699D6800DCBE4D /* parser.j */,
				024A03DE13696D9500DCBE4D /* xcodecapp-cocoa.png */,
				024A040A13698E7700DCBE4D /* project.pbxproj */,
				024A03DC13696C1900DCBE4D /* xcodecapp-cocoa.icns */,
				8D1107310486CEB800E47090 /* Info.plist */,
				089C165CFE840E0CC02AAC07 /* InfoPlist.strings */,
				29B97318FDCFA39411CA2CEA /* MainMenu.nib */,
				02998CEA1369BF7D006C73DB /* Growl Registration Ticket.growlRegDict */,
			);
			name = Resources;
			sourceTree = "<group>";
		};
		29B97323FDCFA39411CA2CEA /* Frameworks */ = {
			isa = PBXGroup;
			children = (
				02998CF61369C339006C73DB /* Growl.framework */,
				1058C7A0FEA54F0111CA2CBB /* Linked Frameworks */,
				1058C7A2FEA54F0111CA2CBB /* Other Frameworks */,
			);
			name = Frameworks;
			sourceTree = "<group>";
		};
/* End PBXGroup section */

/* Begin PBXNativeTarget section */
		027D999913696A7000D3DB13 /* xcodecapp-cocoa */ = {
			isa = PBXNativeTarget;
			buildConfigurationList = 027D99A313696A7000D3DB13 /* Build configuration list for PBXNativeTarget "xcodecapp-cocoa" */;
			buildPhases = (
				027D999A13696A7000D3DB13 /* Resources */,
				027D999D13696A7000D3DB13 /* Sources */,
				02998CF81369C383006C73DB /* CopyFiles */,
				027D99A013696A7000D3DB13 /* Frameworks */,
			);
			buildRules = (
			);
			dependencies = (
			);
			name = "xcodecapp-cocoa";
			productInstallPath = "$(HOME)/Applications";
			productName = "xcodecapp-cocoa";
			productReference = 027D99A613696A7000D3DB13 /* xcodecapp-cocoa.app */;
			productType = "com.apple.product-type.application";
		};
/* End PBXNativeTarget section */

/* Begin PBXProject section */
		29B97313FDCFA39411CA2CEA /* Project object */ = {
			isa = PBXProject;
			buildConfigurationList = C01FCF4E08A954540054247B /* Build configuration list for PBXProject "xcodecapp-cocoa" */;
			compatibilityVersion = "Xcode 3.1";
			developmentRegion = English;
			hasScannedForEncodings = 1;
			knownRegions = (
				en,
			);
			mainGroup = 29B97314FDCFA39411CA2CEA /* xcodecapp-cocoa */;
			projectDirPath = "";
			projectRoot = "";
			targets = (
				027D999913696A7000D3DB13 /* xcodecapp-cocoa */,
			);
		};
/* End PBXProject section */

/* Begin PBXResourcesBuildPhase section */
		027D999A13696A7000D3DB13 /* Resources */ = {
			isa = PBXResourcesBuildPhase;
			buildActionMask = 2147483647;
			files = (
				027D999B13696A7000D3DB13 /* MainMenu.nib in Resources */,
				027D999C13696A7000D3DB13 /* InfoPlist.strings in Resources */,
				024A03DD13696C1900DCBE4D /* xcodecapp-cocoa.icns in Resources */,
				024A041413699DD400DCBE4D /* parser.j in Resources */,
				024A03DF13696D9500DCBE4D /* xcodecapp-cocoa.png in Resources */,
				024A040B13698E7800DCBE4D /* project.pbxproj in Resources */,
				02998CEB1369BF7D006C73DB /* Growl Registration Ticket.growlRegDict in Resources */,
			);
			runOnlyForDeploymentPostprocessing = 0;
		};
/* End PBXResourcesBuildPhase section */

/* Begin PBXSourcesBuildPhase section */
		027D999D13696A7000D3DB13 /* Sources */ = {
			isa = PBXSourcesBuildPhase;
			buildActionMask = 2147483647;
			files = (
				027D999E13696A7000D3DB13 /* main.m in Sources */,
				027D999F13696A7000D3DB13 /* AppController.m in Sources */,
				024A041213699D6800DCBE4D /* parser.j in Sources */,
			);
			runOnlyForDeploymentPostprocessing = 0;
		};
/* End PBXSourcesBuildPhase section */

/* Begin PBXVariantGroup section */
		089C165CFE840E0CC02AAC07 /* InfoPlist.strings */ = {
			isa = PBXVariantGroup;
			children = (
				089C165DFE840E0CC02AAC07 /* English */,
			);
			name = InfoPlist.strings;
			sourceTree = "<group>";
		};
		29B97318FDCFA39411CA2CEA /* MainMenu.nib */ = {
			isa = PBXVariantGroup;
			children = (
				29B97319FDCFA39411CA2CEA /* English */,
			);
			name = MainMenu.nib;
			sourceTree = "<group>";
		};
/* End PBXVariantGroup section */

/* Begin XCBuildConfiguration section */
		027D99A413696A7000D3DB13 /* Debug */ = {
			isa = XCBuildConfiguration;
			buildSettings = {
				ALWAYS_SEARCH_USER_PATHS = NO;
				COPY_PHASE_STRIP = NO;
				FRAMEWORK_SEARCH_PATHS = (
					"$(inherited)",
					"\"$(SRCROOT)\"",
					"\"/Volumes/Growl 1.2.1 SDK/Frameworks\"",
				);
				GCC_DYNAMIC_NO_PIC = NO;
				GCC_ENABLE_FIX_AND_CONTINUE = YES;
				GCC_ENABLE_OBJC_GC = required;
				GCC_MODEL_TUNING = G5;
				GCC_OPTIMIZATION_LEVEL = 0;
				GCC_PRECOMPILE_PREFIX_HEADER = YES;
				GCC_PREFIX_HEADER = "xcodecapp-cocoa.pch";
				INFOPLIST_FILE = Info.plist;
				INSTALL_PATH = "$(HOME)/Applications";
				PRODUCT_NAME = "xcodecapp-cocoa";
			};
			name = Debug;
		};
		027D99A513696A7000D3DB13 /* Release */ = {
			isa = XCBuildConfiguration;
			buildSettings = {
				ALWAYS_SEARCH_USER_PATHS = NO;
				DEBUG_INFORMATION_FORMAT = "dwarf-with-dsym";
				FRAMEWORK_SEARCH_PATHS = (
					"$(inherited)",
					"\"$(SRCROOT)\"",
					"\"/Volumes/Growl 1.2.1 SDK/Frameworks\"",
				);
				GCC_ENABLE_OBJC_GC = required;
				GCC_MODEL_TUNING = G5;
				GCC_PRECOMPILE_PREFIX_HEADER = YES;
				GCC_PREFIX_HEADER = "xcodecapp-cocoa.pch";
				INFOPLIST_FILE = Info.plist;
				INSTALL_PATH = "$(HOME)/Applications";
				PRODUCT_NAME = "xcodecapp-cocoa";
			};
			name = Release;
		};
		C01FCF4F08A954540054247B /* Debug */ = {
			isa = XCBuildConfiguration;
			buildSettings = {
				ALWAYS_SEARCH_USER_PATHS = NO;
				ARCHS = "$(ARCHS_STANDARD_64_BIT)";
				FRAMEWORK_SEARCH_PATHS = "";
				GCC_ENABLE_OBJC_GC = supported;
				GCC_OPTIMIZATION_LEVEL = 0;
				GCC_WARN_ABOUT_RETURN_TYPE = YES;
				GCC_WARN_UNUSED_VARIABLE = YES;
				ONLY_ACTIVE_ARCH = YES;
				PREBINDING = NO;
				SDKROOT = macosx10.6;
			};
			name = Debug;
		};
		C01FCF5008A954540054247B /* Release */ = {
			isa = XCBuildConfiguration;
			buildSettings = {
				ALWAYS_SEARCH_USER_PATHS = NO;
				ARCHS = "$(ARCHS_STANDARD_64_BIT)";
				FRAMEWORK_SEARCH_PATHS = "";
				GCC_ENABLE_OBJC_GC = supported;
				GCC_WARN_ABOUT_RETURN_TYPE = YES;
				GCC_WARN_UNUSED_VARIABLE = YES;
				PREBINDING = NO;
				SDKROOT = macosx10.6;
			};
			name = Release;
		};
/* End XCBuildConfiguration section */

/* Begin XCConfigurationList section */
		027D99A313696A7000D3DB13 /* Build configuration list for PBXNativeTarget "xcodecapp-cocoa" */ = {
			isa = XCConfigurationList;
			buildConfigurations = (
				027D99A413696A7000D3DB13 /* Debug */,
				027D99A513696A7000D3DB13 /* Release */,
			);
			defaultConfigurationIsVisible = 0;
			defaultConfigurationName = Release;
		};
		C01FCF4E08A954540054247B /* Build configuration list for PBXProject "xcodecapp-cocoa" */ = {
			isa = XCConfigurationList;
			buildConfigurations = (
				C01FCF4F08A954540054247B /* Debug */,
				C01FCF5008A954540054247B /* Release */,
			);
			defaultConfigurationIsVisible = 0;
			defaultConfigurationName = Release;
		};
/* End XCConfigurationList section */
	};
	rootObject = 29B97313FDCFA39411CA2CEA /* Project object */;
}
