// !$*UTF8*$!
{
	archiveVersion = 1;
	classes = {
	};
	objectVersion = 46;
	objects = {

/* Begin PBXBuildFile section */
		1DDD58160DA1D0A300B32029 /* MainMenu.xib in Resources */ = {isa = PBXBuildFile; fileRef = 1DDD58140DA1D0A300B32029 /* MainMenu.xib */; };
		4D55A7941180F1E000B5187D /* icon.icns in Resources */ = {isa = PBXBuildFile; fileRef = 4D55A7931180F1BE00B5187D /* icon.icns */; };
		8D11072B0486CEB800E47090 /* InfoPlist.strings in Resources */ = {isa = PBXBuildFile; fileRef = 089C165CFE840E0CC02AAC07 /* InfoPlist.strings */; };
		8D11072D0486CEB800E47090 /* main.m in Sources */ = {isa = PBXBuildFile; fileRef = 29B97316FDCFA39411CA2CEA /* main.m */; settings = {ATTRIBUTES = (); }; };
		8D11072F0486CEB800E47090 /* Cocoa.framework in Frameworks */ = {isa = PBXBuildFile; fileRef = 1058C7A1FEA54F0111CA2CBB /* Cocoa.framework */; };
		9E2E533A103B33CB00DF2D13 /* Server.m in Sources */ = {isa = PBXBuildFile; fileRef = 9E2E5339103B33CB00DF2D13 /* Server.m */; };
		9E43AC84104DB51400263989 /* WebScripObject+Objective-J.m in Sources */ = {isa = PBXBuildFile; fileRef = 9E43AC83104DB51400263989 /* WebScripObject+Objective-J.m */; };
		9E44CA9D0FD798FE00860A54 /* NSURL+Additions.m in Sources */ = {isa = PBXBuildFile; fileRef = 9E44CA9C0FD798FE00860A54 /* NSURL+Additions.m */; };
		9E4EBB4210892BDE0091C8E9 /* BridgedMethods.m in Sources */ = {isa = PBXBuildFile; fileRef = 9E4EBB4110892BDE0091C8E9 /* BridgedMethods.m */; };
		9E52D2F9119B05EF00B831FC /* AppController+WebPolicyDelegate.m in Sources */ = {isa = PBXBuildFile; fileRef = 9E52D2F8119B05EF00B831FC /* AppController+WebPolicyDelegate.m */; };
		9E535D05104F6F4900C119FA /* AppController+MainMenu.m in Sources */ = {isa = PBXBuildFile; fileRef = 9E535D04104F6F4900C119FA /* AppController+MainMenu.m */; };
		9E535D32104F73FB00C119FA /* MenuBridge.m in Sources */ = {isa = PBXBuildFile; fileRef = 9E535D31104F73FB00C119FA /* MenuBridge.m */; };
		9E535D37104F761F00C119FA /* MenuItemBridge.m in Sources */ = {isa = PBXBuildFile; fileRef = 9E535D36104F761F00C119FA /* MenuItemBridge.m */; };
		9E55CFE50FE8750C007D1D64 /* Console.m in Sources */ = {isa = PBXBuildFile; fileRef = 9E55CFE40FE8750C007D1D64 /* Console.m */; };
		9E5D4F0D1090FB6E00E76B38 /* WebWindow.m in Sources */ = {isa = PBXBuildFile; fileRef = 9E5D4F0C1090FB6E00E76B38 /* WebWindow.m */; };
		9E9DD6C00FC93C7A0001EF2E /* WebKit.framework in Frameworks */ = {isa = PBXBuildFile; fileRef = 9E9DD6BF0FC93C7A0001EF2E /* WebKit.framework */; };
		9EA1BEF7107E7EE500CDE684 /* Application.m in Sources */ = {isa = PBXBuildFile; fileRef = 9EA1BEF6107E7EE500CDE684 /* Application.m */; };
		9EB99C960FD8968100AA94A2 /* AppController.m in Sources */ = {isa = PBXBuildFile; fileRef = 9EB99C950FD8968100AA94A2 /* AppController.m */; };
		9EBC421E10B1D07100C2AE33 /* NSObject+WebAdditions.m in Sources */ = {isa = PBXBuildFile; fileRef = 9EBC421D10B1D07100C2AE33 /* NSObject+WebAdditions.m */; };
		9ED96C8A1020072300D24B9C /* AppController+WebUIDelegate.m in Sources */ = {isa = PBXBuildFile; fileRef = 9ED96C871020072300D24B9C /* AppController+WebUIDelegate.m */; };
		9ED96C8B1020072300D24B9C /* AppController+WebFrameLoadDelegate.m in Sources */ = {isa = PBXBuildFile; fileRef = 9ED96C881020072300D24B9C /* AppController+WebFrameLoadDelegate.m */; };
		9ED96C8C1020072300D24B9C /* AppController+WebResourceLoadDelegate.m in Sources */ = {isa = PBXBuildFile; fileRef = 9ED96C891020072300D24B9C /* AppController+WebResourceLoadDelegate.m */; };
		AD8D31C6108F98B00008F7C4 /* SSCrypto.m in Sources */ = {isa = PBXBuildFile; fileRef = AD8D31C5108F98B00008F7C4 /* SSCrypto.m */; };
		AD8D31C9108F98E40008F7C4 /* libssl.dylib in Frameworks */ = {isa = PBXBuildFile; fileRef = AD8D31C8108F98E40008F7C4 /* libssl.dylib */; };
		AD8D31CB108F98EF0008F7C4 /* libcrypto.dylib in Frameworks */ = {isa = PBXBuildFile; fileRef = AD8D31CA108F98EF0008F7C4 /* libcrypto.dylib */; };
		AD8D350F109040300008F7C4 /* IOKit.framework in Frameworks */ = {isa = PBXBuildFile; fileRef = AD8D350E109040300008F7C4 /* IOKit.framework */; };
		ADCCEF6810D43C970055BDFD /* WebPasteboardProxy.m in Sources */ = {isa = PBXBuildFile; fileRef = ADCCEF3310D4370F0055BDFD /* WebPasteboardProxy.m */; };
/* End PBXBuildFile section */

/* Begin PBXFileReference section */
		089C165DFE840E0CC02AAC07 /* English */ = {isa = PBXFileReference; fileEncoding = 10; lastKnownFileType = text.plist.strings; name = English; path = English.lproj/InfoPlist.strings; sourceTree = "<group>"; };
		1058C7A1FEA54F0111CA2CBB /* Cocoa.framework */ = {isa = PBXFileReference; lastKnownFileType = wrapper.framework; name = Cocoa.framework; path = /System/Library/Frameworks/Cocoa.framework; sourceTree = "<absolute>"; };
		13E42FB307B3F0F600E4EEF1 /* CoreData.framework */ = {isa = PBXFileReference; lastKnownFileType = wrapper.framework; name = CoreData.framework; path = /System/Library/Frameworks/CoreData.framework; sourceTree = "<absolute>"; };
		1DDD58150DA1D0A300B32029 /* English */ = {isa = PBXFileReference; lastKnownFileType = file.xib; name = English; path = English.lproj/MainMenu.xib; sourceTree = "<group>"; };
		29B97316FDCFA39411CA2CEA /* main.m */ = {isa = PBXFileReference; fileEncoding = 4; lastKnownFileType = sourcecode.c.objc; path = main.m; sourceTree = "<group>"; };
		29B97324FDCFA39411CA2CEA /* AppKit.framework */ = {isa = PBXFileReference; lastKnownFileType = wrapper.framework; name = AppKit.framework; path = /System/Library/Frameworks/AppKit.framework; sourceTree = "<absolute>"; };
		29B97325FDCFA39411CA2CEA /* Foundation.framework */ = {isa = PBXFileReference; lastKnownFileType = wrapper.framework; name = Foundation.framework; path = /System/Library/Frameworks/Foundation.framework; sourceTree = "<absolute>"; };
		32CA4F630368D1EE00C91783 /* NativeHost_Prefix.pch */ = {isa = PBXFileReference; fileEncoding = 4; lastKnownFileType = sourcecode.c.h; path = NativeHost_Prefix.pch; sourceTree = "<group>"; };
		4D55A7931180F1BE00B5187D /* icon.icns */ = {isa = PBXFileReference; lastKnownFileType = image.icns; path = icon.icns; sourceTree = "<group>"; };
		8D1107310486CEB800E47090 /* Info.plist */ = {isa = PBXFileReference; fileEncoding = 4; lastKnownFileType = text.plist.xml; path = Info.plist; sourceTree = "<group>"; };
		8D1107320486CEB800E47090 /* NativeHost.app */ = {isa = PBXFileReference; explicitFileType = wrapper.application; includeInIndex = 0; path = NativeHost.app; sourceTree = BUILT_PRODUCTS_DIR; };
		9E2E5338103B33CB00DF2D13 /* Server.h */ = {isa = PBXFileReference; fileEncoding = 4; lastKnownFileType = sourcecode.c.h; path = Server.h; sourceTree = "<group>"; };
		9E2E5339103B33CB00DF2D13 /* Server.m */ = {isa = PBXFileReference; fileEncoding = 4; lastKnownFileType = sourcecode.c.objc; path = Server.m; sourceTree = "<group>"; };
		9E43AC82104DB51400263989 /* WebScripObject+Objective-J.h */ = {isa = PBXFileReference; fileEncoding = 4; lastKnownFileType = sourcecode.c.h; path = "WebScripObject+Objective-J.h"; sourceTree = "<group>"; };
		9E43AC83104DB51400263989 /* WebScripObject+Objective-J.m */ = {isa = PBXFileReference; fileEncoding = 4; lastKnownFileType = sourcecode.c.objc; path = "WebScripObject+Objective-J.m"; sourceTree = "<group>"; };
		9E44CA9B0FD798FE00860A54 /* NSURL+Additions.h */ = {isa = PBXFileReference; fileEncoding = 4; lastKnownFileType = sourcecode.c.h; path = "NSURL+Additions.h"; sourceTree = "<group>"; };
		9E44CA9C0FD798FE00860A54 /* NSURL+Additions.m */ = {isa = PBXFileReference; fileEncoding = 4; lastKnownFileType = sourcecode.c.objc; path = "NSURL+Additions.m"; sourceTree = "<group>"; };
		9E4EBB4010892BDE0091C8E9 /* BridgedMethods.h */ = {isa = PBXFileReference; fileEncoding = 4; lastKnownFileType = sourcecode.c.h; path = BridgedMethods.h; sourceTree = "<group>"; };
		9E4EBB4110892BDE0091C8E9 /* BridgedMethods.m */ = {isa = PBXFileReference; fileEncoding = 4; lastKnownFileType = sourcecode.c.objc; path = BridgedMethods.m; sourceTree = "<group>"; };
		9E52D2F8119B05EF00B831FC /* AppController+WebPolicyDelegate.m */ = {isa = PBXFileReference; fileEncoding = 4; lastKnownFileType = sourcecode.c.objc; path = "AppController+WebPolicyDelegate.m"; sourceTree = "<group>"; };
		9E535D04104F6F4900C119FA /* AppController+MainMenu.m */ = {isa = PBXFileReference; fileEncoding = 4; lastKnownFileType = sourcecode.c.objc; path = "AppController+MainMenu.m"; sourceTree = "<group>"; };
		9E535D30104F73FB00C119FA /* MenuBridge.h */ = {isa = PBXFileReference; fileEncoding = 4; lastKnownFileType = sourcecode.c.h; path = MenuBridge.h; sourceTree = "<group>"; };
		9E535D31104F73FB00C119FA /* MenuBridge.m */ = {isa = PBXFileReference; fileEncoding = 4; lastKnownFileType = sourcecode.c.objc; path = MenuBridge.m; sourceTree = "<group>"; };
		9E535D35104F761F00C119FA /* MenuItemBridge.h */ = {isa = PBXFileReference; fileEncoding = 4; lastKnownFileType = sourcecode.c.h; path = MenuItemBridge.h; sourceTree = "<group>"; };
		9E535D36104F761F00C119FA /* MenuItemBridge.m */ = {isa = PBXFileReference; fileEncoding = 4; lastKnownFileType = sourcecode.c.objc; path = MenuItemBridge.m; sourceTree = "<group>"; };
		9E55CFE30FE8750C007D1D64 /* Console.h */ = {isa = PBXFileReference; fileEncoding = 4; lastKnownFileType = sourcecode.c.h; path = Console.h; sourceTree = "<group>"; };
		9E55CFE40FE8750C007D1D64 /* Console.m */ = {isa = PBXFileReference; fileEncoding = 4; lastKnownFileType = sourcecode.c.objc; path = Console.m; sourceTree = "<group>"; };
		9E5D4F0B1090FB6E00E76B38 /* WebWindow.h */ = {isa = PBXFileReference; fileEncoding = 4; lastKnownFileType = sourcecode.c.h; path = WebWindow.h; sourceTree = "<group>"; };
		9E5D4F0C1090FB6E00E76B38 /* WebWindow.m */ = {isa = PBXFileReference; fileEncoding = 4; lastKnownFileType = sourcecode.c.objc; path = WebWindow.m; sourceTree = "<group>"; };
		9E9DD6BF0FC93C7A0001EF2E /* WebKit.framework */ = {isa = PBXFileReference; lastKnownFileType = wrapper.framework; name = WebKit.framework; path = System/Library/Frameworks/WebKit.framework; sourceTree = SDKROOT; };
		9EA1BEF5107E7EE500CDE684 /* Application.h */ = {isa = PBXFileReference; fileEncoding = 4; lastKnownFileType = sourcecode.c.h; path = Application.h; sourceTree = "<group>"; };
		9EA1BEF6107E7EE500CDE684 /* Application.m */ = {isa = PBXFileReference; fileEncoding = 4; lastKnownFileType = sourcecode.c.objc; path = Application.m; sourceTree = "<group>"; };
		9EB99C940FD8968100AA94A2 /* AppController.h */ = {isa = PBXFileReference; fileEncoding = 4; lastKnownFileType = sourcecode.c.h; path = AppController.h; sourceTree = "<group>"; };
		9EB99C950FD8968100AA94A2 /* AppController.m */ = {isa = PBXFileReference; fileEncoding = 4; lastKnownFileType = sourcecode.c.objc; path = AppController.m; sourceTree = "<group>"; };
		9EBC421C10B1D07100C2AE33 /* NSObject+WebAdditions.h */ = {isa = PBXFileReference; fileEncoding = 4; lastKnownFileType = sourcecode.c.h; path = "NSObject+WebAdditions.h"; sourceTree = "<group>"; };
		9EBC421D10B1D07100C2AE33 /* NSObject+WebAdditions.m */ = {isa = PBXFileReference; fileEncoding = 4; lastKnownFileType = sourcecode.c.objc; path = "NSObject+WebAdditions.m"; sourceTree = "<group>"; };
		9ED96C871020072300D24B9C /* AppController+WebUIDelegate.m */ = {isa = PBXFileReference; fileEncoding = 4; lastKnownFileType = sourcecode.c.objc; path = "AppController+WebUIDelegate.m"; sourceTree = "<group>"; };
		9ED96C881020072300D24B9C /* AppController+WebFrameLoadDelegate.m */ = {isa = PBXFileReference; fileEncoding = 4; lastKnownFileType = sourcecode.c.objc; path = "AppController+WebFrameLoadDelegate.m"; sourceTree = "<group>"; };
		9ED96C891020072300D24B9C /* AppController+WebResourceLoadDelegate.m */ = {isa = PBXFileReference; fileEncoding = 4; lastKnownFileType = sourcecode.c.objc; path = "AppController+WebResourceLoadDelegate.m"; sourceTree = "<group>"; };
		AD8D31C4108F98B00008F7C4 /* SSCrypto.h */ = {isa = PBXFileReference; fileEncoding = 4; lastKnownFileType = sourcecode.c.h; path = SSCrypto.h; sourceTree = "<group>"; };
		AD8D31C5108F98B00008F7C4 /* SSCrypto.m */ = {isa = PBXFileReference; fileEncoding = 4; lastKnownFileType = sourcecode.c.objc; path = SSCrypto.m; sourceTree = "<group>"; };
		AD8D31C8108F98E40008F7C4 /* libssl.dylib */ = {isa = PBXFileReference; lastKnownFileType = "compiled.mach-o.dylib"; name = libssl.dylib; path = /usr/lib/libssl.dylib; sourceTree = "<absolute>"; };
		AD8D31CA108F98EF0008F7C4 /* libcrypto.dylib */ = {isa = PBXFileReference; lastKnownFileType = "compiled.mach-o.dylib"; name = libcrypto.dylib; path = /usr/lib/libcrypto.dylib; sourceTree = "<absolute>"; };
		AD8D350E109040300008F7C4 /* IOKit.framework */ = {isa = PBXFileReference; lastKnownFileType = wrapper.framework; name = IOKit.framework; path = /System/Library/Frameworks/IOKit.framework; sourceTree = "<absolute>"; };
		ADCCEF3210D4370F0055BDFD /* WebPasteboardProxy.h */ = {isa = PBXFileReference; fileEncoding = 4; lastKnownFileType = sourcecode.c.h; path = WebPasteboardProxy.h; sourceTree = "<group>"; };
		ADCCEF3310D4370F0055BDFD /* WebPasteboardProxy.m */ = {isa = PBXFileReference; fileEncoding = 4; lastKnownFileType = sourcecode.c.objc; path = WebPasteboardProxy.m; sourceTree = "<group>"; };
/* End PBXFileReference section */

/* Begin PBXFrameworksBuildPhase section */
		8D11072E0486CEB800E47090 /* Frameworks */ = {
			isa = PBXFrameworksBuildPhase;
			buildActionMask = 2147483647;
			files = (
				8D11072F0486CEB800E47090 /* Cocoa.framework in Frameworks */,
				9E9DD6C00FC93C7A0001EF2E /* WebKit.framework in Frameworks */,
				AD8D31C9108F98E40008F7C4 /* libssl.dylib in Frameworks */,
				AD8D31CB108F98EF0008F7C4 /* libcrypto.dylib in Frameworks */,
				AD8D350F109040300008F7C4 /* IOKit.framework in Frameworks */,
			);
			runOnlyForDeploymentPostprocessing = 0;
		};
/* End PBXFrameworksBuildPhase section */

/* Begin PBXGroup section */
		080E96DDFE201D6D7F000001 /* Classes */ = {
			isa = PBXGroup;
			children = (
				9E535D04104F6F4900C119FA /* AppController+MainMenu.m */,
				9ED96C881020072300D24B9C /* AppController+WebFrameLoadDelegate.m */,
				9ED96C891020072300D24B9C /* AppController+WebResourceLoadDelegate.m */,
				9ED96C871020072300D24B9C /* AppController+WebUIDelegate.m */,
				9E52D2F8119B05EF00B831FC /* AppController+WebPolicyDelegate.m */,
				9EB99C940FD8968100AA94A2 /* AppController.h */,
				9EB99C950FD8968100AA94A2 /* AppController.m */,
				9EA1BEF5107E7EE500CDE684 /* Application.h */,
				9EA1BEF6107E7EE500CDE684 /* Application.m */,
				9E55CFE30FE8750C007D1D64 /* Console.h */,
				9E55CFE40FE8750C007D1D64 /* Console.m */,
				9E2E5338103B33CB00DF2D13 /* Server.h */,
				9E2E5339103B33CB00DF2D13 /* Server.m */,
				AD8D31C4108F98B00008F7C4 /* SSCrypto.h */,
				AD8D31C5108F98B00008F7C4 /* SSCrypto.m */,
				9E5D4F0B1090FB6E00E76B38 /* WebWindow.h */,
				9E5D4F0C1090FB6E00E76B38 /* WebWindow.m */,
				9E1E34190FCC82A5007F8CA0 /* Bridge */,
			);
			name = Classes;
			sourceTree = "<group>";
		};
		1058C7A0FEA54F0111CA2CBB /* Linked Frameworks */ = {
			isa = PBXGroup;
			children = (
				AD8D31CA108F98EF0008F7C4 /* libcrypto.dylib */,
				AD8D31C8108F98E40008F7C4 /* libssl.dylib */,
				1058C7A1FEA54F0111CA2CBB /* Cocoa.framework */,
				AD8D350E109040300008F7C4 /* IOKit.framework */,
			);
			name = "Linked Frameworks";
			sourceTree = "<group>";
		};
		1058C7A2FEA54F0111CA2CBB /* Other Frameworks */ = {
			isa = PBXGroup;
			children = (
				29B97324FDCFA39411CA2CEA /* AppKit.framework */,
				13E42FB307B3F0F600E4EEF1 /* CoreData.framework */,
				29B97325FDCFA39411CA2CEA /* Foundation.framework */,
				9E9DD6BF0FC93C7A0001EF2E /* WebKit.framework */,
			);
			name = "Other Frameworks";
			sourceTree = "<group>";
		};
		19C28FACFE9D520D11CA2CBB /* Products */ = {
			isa = PBXGroup;
			children = (
				8D1107320486CEB800E47090 /* NativeHost.app */,
			);
			name = Products;
			sourceTree = "<group>";
		};
		29B97314FDCFA39411CA2CEA /* NativeHost */ = {
			isa = PBXGroup;
			children = (
				080E96DDFE201D6D7F000001 /* Classes */,
				29B97315FDCFA39411CA2CEA /* Other Sources */,
				29B97317FDCFA39411CA2CEA /* Resources */,
				29B97323FDCFA39411CA2CEA /* Frameworks */,
				19C28FACFE9D520D11CA2CBB /* Products */,
			);
			name = NativeHost;
			sourceTree = "<group>";
		};
		29B97315FDCFA39411CA2CEA /* Other Sources */ = {
			isa = PBXGroup;
			children = (
				29B97316FDCFA39411CA2CEA /* main.m */,
				32CA4F630368D1EE00C91783 /* NativeHost_Prefix.pch */,
			);
			name = "Other Sources";
			sourceTree = "<group>";
		};
		29B97317FDCFA39411CA2CEA /* Resources */ = {
			isa = PBXGroup;
			children = (
				4D55A7931180F1BE00B5187D /* icon.icns */,
				8D1107310486CEB800E47090 /* Info.plist */,
				089C165CFE840E0CC02AAC07 /* InfoPlist.strings */,
				1DDD58140DA1D0A300B32029 /* MainMenu.xib */,
			);
			name = Resources;
			sourceTree = "<group>";
		};
		29B97323FDCFA39411CA2CEA /* Frameworks */ = {
			isa = PBXGroup;
			children = (
				1058C7A0FEA54F0111CA2CBB /* Linked Frameworks */,
				1058C7A2FEA54F0111CA2CBB /* Other Frameworks */,
			);
			name = Frameworks;
			sourceTree = "<group>";
		};
		9E1E34190FCC82A5007F8CA0 /* Bridge */ = {
			isa = PBXGroup;
			children = (
				9E535DB7104F923E00C119FA /* Menus */,
				9E4EBB4010892BDE0091C8E9 /* BridgedMethods.h */,
				9E4EBB4110892BDE0091C8E9 /* BridgedMethods.m */,
				9EBC421C10B1D07100C2AE33 /* NSObject+WebAdditions.h */,
				9EBC421D10B1D07100C2AE33 /* NSObject+WebAdditions.m */,
				9E44CA9B0FD798FE00860A54 /* NSURL+Additions.h */,
				9E44CA9C0FD798FE00860A54 /* NSURL+Additions.m */,
				ADCCEF3210D4370F0055BDFD /* WebPasteboardProxy.h */,
				ADCCEF3310D4370F0055BDFD /* WebPasteboardProxy.m */,
				9E43AC82104DB51400263989 /* WebScripObject+Objective-J.h */,
				9E43AC83104DB51400263989 /* WebScripObject+Objective-J.m */,
			);
			name = Bridge;
			sourceTree = "<group>";
		};
		9E535DB7104F923E00C119FA /* Menus */ = {
			isa = PBXGroup;
			children = (
				9E535D30104F73FB00C119FA /* MenuBridge.h */,
				9E535D31104F73FB00C119FA /* MenuBridge.m */,
				9E535D35104F761F00C119FA /* MenuItemBridge.h */,
				9E535D36104F761F00C119FA /* MenuItemBridge.m */,
			);
			name = Menus;
			sourceTree = "<group>";
		};
/* End PBXGroup section */

/* Begin PBXNativeTarget section */
		8D1107260486CEB800E47090 /* NativeHost */ = {
			isa = PBXNativeTarget;
			buildConfigurationList = C01FCF4A08A954540054247B /* Build configuration list for PBXNativeTarget "NativeHost" */;
			buildPhases = (
				8D1107290486CEB800E47090 /* Resources */,
				8D11072C0486CEB800E47090 /* Sources */,
				8D11072E0486CEB800E47090 /* Frameworks */,
			);
			buildRules = (
			);
			dependencies = (
			);
			name = NativeHost;
			productInstallPath = "$(HOME)/Applications";
			productName = NativeHost;
			productReference = 8D1107320486CEB800E47090 /* NativeHost.app */;
			productType = "com.apple.product-type.application";
		};
/* End PBXNativeTarget section */

/* Begin PBXProject section */
		29B97313FDCFA39411CA2CEA /* Project object */ = {
			isa = PBXProject;
			attributes = {
				LastUpgradeCheck = 0440;
			};
			buildConfigurationList = C01FCF4E08A954540054247B /* Build configuration list for PBXProject "NativeHost" */;
			compatibilityVersion = "Xcode 3.2";
			developmentRegion = English;
			hasScannedForEncodings = 1;
			knownRegions = (
				en,
			);
			mainGroup = 29B97314FDCFA39411CA2CEA /* NativeHost */;
			projectDirPath = "";
			projectRoot = "";
			targets = (
				8D1107260486CEB800E47090 /* NativeHost */,
			);
		};
/* End PBXProject section */

/* Begin PBXResourcesBuildPhase section */
		8D1107290486CEB800E47090 /* Resources */ = {
			isa = PBXResourcesBuildPhase;
			buildActionMask = 2147483647;
			files = (
				8D11072B0486CEB800E47090 /* InfoPlist.strings in Resources */,
				1DDD58160DA1D0A300B32029 /* MainMenu.xib in Resources */,
				4D55A7941180F1E000B5187D /* icon.icns in Resources */,
			);
			runOnlyForDeploymentPostprocessing = 0;
		};
/* End PBXResourcesBuildPhase section */

/* Begin PBXSourcesBuildPhase section */
		8D11072C0486CEB800E47090 /* Sources */ = {
			isa = PBXSourcesBuildPhase;
			buildActionMask = 2147483647;
			files = (
				9E535D05104F6F4900C119FA /* AppController+MainMenu.m in Sources */,
				9ED96C8B1020072300D24B9C /* AppController+WebFrameLoadDelegate.m in Sources */,
				9ED96C8C1020072300D24B9C /* AppController+WebResourceLoadDelegate.m in Sources */,
				9ED96C8A1020072300D24B9C /* AppController+WebUIDelegate.m in Sources */,
				9EB99C960FD8968100AA94A2 /* AppController.m in Sources */,
				9EA1BEF7107E7EE500CDE684 /* Application.m in Sources */,
				9E4EBB4210892BDE0091C8E9 /* BridgedMethods.m in Sources */,
				9E55CFE50FE8750C007D1D64 /* Console.m in Sources */,
				8D11072D0486CEB800E47090 /* main.m in Sources */,
				9E535D32104F73FB00C119FA /* MenuBridge.m in Sources */,
				9E535D37104F761F00C119FA /* MenuItemBridge.m in Sources */,
				9EBC421E10B1D07100C2AE33 /* NSObject+WebAdditions.m in Sources */,
				9E44CA9D0FD798FE00860A54 /* NSURL+Additions.m in Sources */,
				9E2E533A103B33CB00DF2D13 /* Server.m in Sources */,
				AD8D31C6108F98B00008F7C4 /* SSCrypto.m in Sources */,
				ADCCEF6810D43C970055BDFD /* WebPasteboardProxy.m in Sources */,
				9E43AC84104DB51400263989 /* WebScripObject+Objective-J.m in Sources */,
				9E5D4F0D1090FB6E00E76B38 /* WebWindow.m in Sources */,
				9E52D2F9119B05EF00B831FC /* AppController+WebPolicyDelegate.m in Sources */,
			);
			runOnlyForDeploymentPostprocessing = 0;
		};
/* End PBXSourcesBuildPhase section */

/* Begin PBXVariantGroup section */
		089C165CFE840E0CC02AAC07 /* InfoPlist.strings */ = {
			isa = PBXVariantGroup;
			children = (
				089C165DFE840E0CC02AAC07 /* English */,
			);
			name = InfoPlist.strings;
			sourceTree = "<group>";
		};
		1DDD58140DA1D0A300B32029 /* MainMenu.xib */ = {
			isa = PBXVariantGroup;
			children = (
				1DDD58150DA1D0A300B32029 /* English */,
			);
			name = MainMenu.xib;
			sourceTree = "<group>";
		};
/* End PBXVariantGroup section */

/* Begin XCBuildConfiguration section */
		C01FCF4B08A954540054247B /* Debug */ = {
			isa = XCBuildConfiguration;
			buildSettings = {
				ALWAYS_SEARCH_USER_PATHS = NO;
				COMBINE_HIDPI_IMAGES = YES;
				COPY_PHASE_STRIP = NO;
				GCC_DYNAMIC_NO_PIC = NO;
				GCC_MODEL_TUNING = G5;
				GCC_OPTIMIZATION_LEVEL = 0;
				GCC_PRECOMPILE_PREFIX_HEADER = YES;
				GCC_PREFIX_HEADER = NativeHost_Prefix.pch;
				GCC_PREPROCESSOR_DEFINITIONS = "ACTIVATION=0";
				GCC_VERSION = com.apple.compilers.llvm.clang.1_0;
				INFOPLIST_FILE = Info.plist;
				INFOPLIST_PREPROCESS = YES;
				INFOPLIST_PREPROCESSOR_DEFINITIONS = "ACTIVATION=0";
				INSTALL_PATH = "$(HOME)/Applications";
				PRODUCT_NAME = NativeHost;
			};
			name = Debug;
		};
		C01FCF4C08A954540054247B /* Release */ = {
			isa = XCBuildConfiguration;
			buildSettings = {
				ALWAYS_SEARCH_USER_PATHS = NO;
				COMBINE_HIDPI_IMAGES = YES;
				DEBUG_INFORMATION_FORMAT = "dwarf-with-dsym";
				GCC_MODEL_TUNING = G5;
				GCC_PRECOMPILE_PREFIX_HEADER = YES;
				GCC_PREFIX_HEADER = NativeHost_Prefix.pch;
				GCC_VERSION = com.apple.compilers.llvm.clang.1_0;
				INFOPLIST_FILE = Info.plist;
				INFOPLIST_PREPROCESS = YES;
				INFOPLIST_PREPROCESSOR_DEFINITIONS = "ACTIVATION=0";
				INSTALL_PATH = "$(HOME)/Applications";
				PRODUCT_NAME = NativeHost;
			};
			name = Release;
		};
		C01FCF4F08A954540054247B /* Debug */ = {
			isa = XCBuildConfiguration;
			buildSettings = {
				ARCHS = "$(ARCHS_STANDARD_32_BIT)";
				GCC_C_LANGUAGE_STANDARD = c99;
				GCC_OPTIMIZATION_LEVEL = 0;
				GCC_VERSION = 4.2;
				GCC_WARN_ABOUT_RETURN_TYPE = YES;
				GCC_WARN_UNUSED_VARIABLE = YES;
				ONLY_ACTIVE_ARCH = YES;
				SDKROOT = macosx;
			};
			name = Debug;
		};
		C01FCF5008A954540054247B /* Release */ = {
			isa = XCBuildConfiguration;
			buildSettings = {
				ARCHS = "$(ARCHS_STANDARD_32_BIT)";
				GCC_C_LANGUAGE_STANDARD = c99;
				GCC_WARN_ABOUT_RETURN_TYPE = YES;
				GCC_WARN_UNUSED_VARIABLE = YES;
				SDKROOT = macosx;
			};
			name = Release;
		};
/* End XCBuildConfiguration section */

/* Begin XCConfigurationList section */
		C01FCF4A08A954540054247B /* Build configuration list for PBXNativeTarget "NativeHost" */ = {
			isa = XCConfigurationList;
			buildConfigurations = (
				C01FCF4B08A954540054247B /* Debug */,
				C01FCF4C08A954540054247B /* Release */,
			);
			defaultConfigurationIsVisible = 0;
			defaultConfigurationName = Release;
		};
		C01FCF4E08A954540054247B /* Build configuration list for PBXProject "NativeHost" */ = {
			isa = XCConfigurationList;
			buildConfigurations = (
				C01FCF4F08A954540054247B /* Debug */,
				C01FCF5008A954540054247B /* Release */,
			);
			defaultConfigurationIsVisible = 0;
			defaultConfigurationName = Release;
		};
/* End XCConfigurationList section */
	};
	rootObject = 29B97313FDCFA39411CA2CEA /* Project object */;
}
