<?xml version="1.0" encoding="UTF-8"?>
<!DOCTYPE plist PUBLIC "-//Apple//DTD PLIST 1.0//EN" "http://www.apple.com/DTDs/PropertyList-1.0.dtd">
<plist version="1.0">
<dict>
	<key>archiveVersion</key>
	<string>1</string>
	<key>classes</key>
	<dict/>
	<key>objectVersion</key>
	<string>46</string>
	<key>objects</key>
	<dict>
		<key>18AD4EF5A788E8BE153F3D14</key>
		<dict>
			<key>isa</key>
			<string>PBXFileReference</string>
			<key>lastKnownFileType</key>
			<string>sourcecode.c.objc</string>
			<key>name</key>
			<string>_Users_aparajita_Development_Libs_cappuccino_cappuccino_Tests_Manual_KeyViewLoopTest_AppController.m</string>
			<key>path</key>
			<string>.XcodeSupport/_Users_aparajita_Development_Libs_cappuccino_cappuccino_Tests_Manual_KeyViewLoopTest_AppController.m</string>
			<key>sourceTree</key>
			<string>SOURCE_ROOT</string>
		</dict>
		<key>1BA4419F810882A5F82AFC60</key>
		<dict>
			<key>isa</key>
			<string>PBXFileReference</string>
			<key>lastKnownFileType</key>
			<string>?</string>
			<key>name</key>
			<string>AppController.j</string>
			<key>path</key>
			<string>AppController.j</string>
			<key>sourceTree</key>
			<string>SOURCE_ROOT</string>
		</dict>
		<key>6EEB4B5FBC546F0D38F7CBFC</key>
		<dict>
			<key>fileRef</key>
			<string>18AD4EF5A788E8BE153F3D14</string>
			<key>isa</key>
			<string>PBXBuildFile</string>
		</dict>
		<key>7FB3401F89606F501370B1A9</key>
		<dict>
			<key>isa</key>
			<string>PBXFileReference</string>
			<key>lastKnownFileType</key>
			<string>sourcecode.c.h</string>
			<key>name</key>
			<string>_Users_aparajita_Development_Libs_cappuccino_cappuccino_Tests_Manual_KeyViewLoopTest_AppController.h</string>
			<key>path</key>
			<string>.XcodeSupport/_Users_aparajita_Development_Libs_cappuccino_cappuccino_Tests_Manual_KeyViewLoopTest_AppController.h</string>
			<key>sourceTree</key>
			<string>SOURCE_ROOT</string>
		</dict>
		<key>85CB43EBBE11EDBF8A18EA3D</key>
		<dict>
			<key>children</key>
			<array>
				<string>F7B045A2B5801CC7BC4C6D50</string>
				<string>7FB3401F89606F501370B1A9</string>
				<string>18AD4EF5A788E8BE153F3D14</string>
			</array>
			<key>isa</key>
			<string>PBXGroup</string>
			<key>name</key>
			<string>Classes</string>
			<key>sourceTree</key>
			<string>&lt;group&gt;</string>
		</dict>
		<key>8AB7432EBD9B62552A16F2F1</key>
		<dict>
			<key>children</key>
			<array>
				<string>1BA4419F810882A5F82AFC60</string>
			</array>
			<key>isa</key>
			<string>PBXGroup</string>
			<key>name</key>
			<string>Sources</string>
			<key>sourceTree</key>
			<string>&lt;group&gt;</string>
		</dict>
		<key>9EEC4488135749D200615446</key>
		<dict>
			<key>children</key>
			<array>
				<string>9EEC44CB13574A0B00615446</string>
				<string>9EEC4496135749D200615446</string>
				<string>85CB43EBBE11EDBF8A18EA3D</string>
				<string>8AB7432EBD9B62552A16F2F1</string>
			</array>
			<key>isa</key>
			<string>PBXGroup</string>
			<key>sourceTree</key>
			<string>&lt;group&gt;</string>
		</dict>
		<key>9EEC448A135749D200615446</key>
		<dict>
			<key>attributes</key>
			<dict>
				<key>LastUpgradeCheck</key>
				<string>0440</string>
				<key>ORGANIZATIONNAME</key>
				<string>280 North, Inc.</string>
			</dict>
			<key>buildConfigurationList</key>
			<string>9EEC448D135749D200615446</string>
			<key>compatibilityVersion</key>
			<string>Xcode 3.2</string>
			<key>developmentRegion</key>
			<string>English</string>
			<key>hasScannedForEncodings</key>
			<string>0</string>
			<key>isa</key>
			<string>PBXProject</string>
			<key>knownRegions</key>
			<array>
				<string>en</string>
			</array>
			<key>mainGroup</key>
			<string>9EEC4488135749D200615446</string>
			<key>productRefGroup</key>
			<string>9EEC4494135749D200615446</string>
			<key>projectDirPath</key>
			<string></string>
			<key>projectRoot</key>
			<string></string>
			<key>targets</key>
			<array>
				<string>9EEC4492135749D200615446</string>
			</array>
		</dict>
		<key>9EEC448D135749D200615446</key>
		<dict>
			<key>buildConfigurations</key>
			<array>
				<string>9EEC44C3135749D300615446</string>
				<string>9EEC44C4135749D300615446</string>
			</array>
			<key>defaultConfigurationIsVisible</key>
			<string>0</string>
			<key>defaultConfigurationName</key>
			<string>Release</string>
			<key>isa</key>
			<string>XCConfigurationList</string>
		</dict>
		<key>9EEC448F135749D200615446</key>
		<dict>
			<key>buildActionMask</key>
			<string>2147483647</string>
			<key>files</key>
			<array>
				<string>6EEB4B5FBC546F0D38F7CBFC</string>
			</array>
			<key>isa</key>
			<string>PBXSourcesBuildPhase</string>
			<key>runOnlyForDeploymentPostprocessing</key>
			<string>0</string>
		</dict>
		<key>9EEC4490135749D200615446</key>
		<dict>
			<key>buildActionMask</key>
			<string>2147483647</string>
			<key>files</key>
			<array>
				<string>9EEC4498135749D200615446</string>
			</array>
			<key>isa</key>
			<string>PBXFrameworksBuildPhase</string>
			<key>runOnlyForDeploymentPostprocessing</key>
			<string>0</string>
		</dict>
		<key>9EEC4491135749D200615446</key>
		<dict>
			<key>buildActionMask</key>
			<string>2147483647</string>
			<key>files</key>
			<array>
				<string>9EEC44CC13574A0B00615446</string>
			</array>
			<key>isa</key>
			<string>PBXResourcesBuildPhase</string>
			<key>runOnlyForDeploymentPostprocessing</key>
			<string>0</string>
		</dict>
		<key>9EEC4492135749D200615446</key>
		<dict>
			<key>buildConfigurationList</key>
			<string>9EEC44C5135749D300615446</string>
			<key>buildPhases</key>
			<array>
				<string>9EEC448F135749D200615446</string>
				<string>9EEC4490135749D200615446</string>
				<string>9EEC4491135749D200615446</string>
			</array>
			<key>buildRules</key>
			<array/>
			<key>dependencies</key>
			<array/>
			<key>isa</key>
			<string>PBXNativeTarget</string>
			<key>name</key>
			<string>Another</string>
			<key>productName</key>
			<string>Another</string>
			<key>productReference</key>
			<string>9EEC4493135749D200615446</string>
			<key>productType</key>
			<string>com.apple.product-type.application</string>
		</dict>
		<key>9EEC4493135749D200615446</key>
		<dict>
			<key>explicitFileType</key>
			<string>wrapper.application</string>
			<key>includeInIndex</key>
			<string>0</string>
			<key>isa</key>
			<string>PBXFileReference</string>
			<key>path</key>
			<string>Another.app</string>
			<key>sourceTree</key>
			<string>BUILT_PRODUCTS_DIR</string>
		</dict>
		<key>9EEC4494135749D200615446</key>
		<dict>
			<key>children</key>
			<array>
				<string>9EEC4493135749D200615446</string>
			</array>
			<key>isa</key>
			<string>PBXGroup</string>
			<key>name</key>
			<string>Products</string>
			<key>sourceTree</key>
			<string>&lt;group&gt;</string>
		</dict>
		<key>9EEC4496135749D200615446</key>
		<dict>
			<key>children</key>
			<array>
				<string>9EEC4497135749D200615446</string>
				<string>9EEC4499135749D300615446</string>
			</array>
			<key>isa</key>
			<string>PBXGroup</string>
			<key>name</key>
			<string>Frameworks</string>
			<key>sourceTree</key>
			<string>&lt;group&gt;</string>
		</dict>
		<key>9EEC4497135749D200615446</key>
		<dict>
			<key>isa</key>
			<string>PBXFileReference</string>
			<key>lastKnownFileType</key>
			<string>wrapper.framework</string>
			<key>name</key>
			<string>Cocoa.framework</string>
			<key>path</key>
			<string>System/Library/Frameworks/Cocoa.framework</string>
			<key>sourceTree</key>
			<string>SDKROOT</string>
		</dict>
		<key>9EEC4498135749D200615446</key>
		<dict>
			<key>fileRef</key>
			<string>9EEC4497135749D200615446</string>
			<key>isa</key>
			<string>PBXBuildFile</string>
		</dict>
		<key>9EEC4499135749D300615446</key>
		<dict>
			<key>children</key>
			<array>
				<string>9EEC449A135749D300615446</string>
				<string>9EEC449B135749D300615446</string>
				<string>9EEC449C135749D300615446</string>
			</array>
			<key>isa</key>
			<string>PBXGroup</string>
			<key>name</key>
			<string>Other Frameworks</string>
			<key>sourceTree</key>
			<string>&lt;group&gt;</string>
		</dict>
		<key>9EEC449A135749D300615446</key>
		<dict>
			<key>isa</key>
			<string>PBXFileReference</string>
			<key>lastKnownFileType</key>
			<string>wrapper.framework</string>
			<key>name</key>
			<string>AppKit.framework</string>
			<key>path</key>
			<string>System/Library/Frameworks/AppKit.framework</string>
			<key>sourceTree</key>
			<string>SDKROOT</string>
		</dict>
		<key>9EEC449B135749D300615446</key>
		<dict>
			<key>isa</key>
			<string>PBXFileReference</string>
			<key>lastKnownFileType</key>
			<string>wrapper.framework</string>
			<key>name</key>
			<string>CoreData.framework</string>
			<key>path</key>
			<string>System/Library/Frameworks/CoreData.framework</string>
			<key>sourceTree</key>
			<string>SDKROOT</string>
		</dict>
		<key>9EEC449C135749D300615446</key>
		<dict>
			<key>isa</key>
			<string>PBXFileReference</string>
			<key>lastKnownFileType</key>
			<string>wrapper.framework</string>
			<key>name</key>
			<string>Foundation.framework</string>
			<key>path</key>
			<string>System/Library/Frameworks/Foundation.framework</string>
			<key>sourceTree</key>
			<string>SDKROOT</string>
		</dict>
		<key>9EEC44C3135749D300615446</key>
		<dict>
			<key>buildSettings</key>
			<dict>
				<key>ARCHS</key>
				<string>$(ARCHS_STANDARD_32_64_BIT)</string>
				<key>GCC_C_LANGUAGE_STANDARD</key>
				<string>gnu99</string>
				<key>GCC_OPTIMIZATION_LEVEL</key>
				<string>0</string>
				<key>GCC_PREPROCESSOR_DEFINITIONS</key>
				<string>DEBUG</string>
				<key>GCC_SYMBOLS_PRIVATE_EXTERN</key>
				<string>NO</string>
				<key>GCC_VERSION</key>
				<string>com.apple.compilers.llvm.clang.1_0</string>
				<key>GCC_WARN_64_TO_32_BIT_CONVERSION</key>
				<string>YES</string>
				<key>GCC_WARN_ABOUT_RETURN_TYPE</key>
				<string>YES</string>
				<key>GCC_WARN_UNUSED_VARIABLE</key>
				<string>YES</string>
				<key>MACOSX_DEPLOYMENT_TARGET</key>
				<string>10.6</string>
				<key>ONLY_ACTIVE_ARCH</key>
				<string>YES</string>
				<key>SDKROOT</key>
				<string>macosx</string>
			</dict>
			<key>isa</key>
			<string>XCBuildConfiguration</string>
			<key>name</key>
			<string>Debug</string>
		</dict>
		<key>9EEC44C4135749D300615446</key>
		<dict>
			<key>buildSettings</key>
			<dict>
				<key>ARCHS</key>
				<string>$(ARCHS_STANDARD_32_64_BIT)</string>
				<key>GCC_C_LANGUAGE_STANDARD</key>
				<string>gnu99</string>
				<key>GCC_VERSION</key>
				<string>com.apple.compilers.llvm.clang.1_0</string>
				<key>GCC_WARN_64_TO_32_BIT_CONVERSION</key>
				<string>YES</string>
				<key>GCC_WARN_ABOUT_RETURN_TYPE</key>
				<string>YES</string>
				<key>GCC_WARN_UNUSED_VARIABLE</key>
				<string>YES</string>
				<key>MACOSX_DEPLOYMENT_TARGET</key>
				<string>10.6</string>
				<key>SDKROOT</key>
				<string>macosx</string>
			</dict>
			<key>isa</key>
			<string>XCBuildConfiguration</string>
			<key>name</key>
			<string>Release</string>
		</dict>
		<key>9EEC44C5135749D300615446</key>
		<dict>
			<key>buildConfigurations</key>
			<array>
				<string>9EEC44C6135749D300615446</string>
				<string>9EEC44C7135749D300615446</string>
			</array>
			<key>defaultConfigurationIsVisible</key>
			<string>0</string>
			<key>defaultConfigurationName</key>
			<string>Release</string>
			<key>isa</key>
			<string>XCConfigurationList</string>
		</dict>
		<key>9EEC44C6135749D300615446</key>
		<dict>
			<key>buildSettings</key>
			<dict>
				<key>ALWAYS_SEARCH_USER_PATHS</key>
				<string>NO</string>
				<key>COMBINE_HIDPI_IMAGES</key>
				<string>YES</string>
				<key>COPY_PHASE_STRIP</key>
				<string>NO</string>
				<key>GCC_DYNAMIC_NO_PIC</key>
				<string>NO</string>
				<key>GCC_ENABLE_OBJC_EXCEPTIONS</key>
				<string>YES</string>
				<key>GCC_PRECOMPILE_PREFIX_HEADER</key>
				<string>YES</string>
				<key>GCC_PREFIX_HEADER</key>
				<string>Another/Another-Prefix.pch</string>
				<key>INFOPLIST_FILE</key>
				<string>Another/Another-Info.plist</string>
				<key>PRODUCT_NAME</key>
				<string>$(TARGET_NAME)</string>
				<key>WRAPPER_EXTENSION</key>
				<string>app</string>
			</dict>
			<key>isa</key>
			<string>XCBuildConfiguration</string>
			<key>name</key>
			<string>Debug</string>
		</dict>
		<key>9EEC44C7135749D300615446</key>
		<dict>
			<key>buildSettings</key>
			<dict>
				<key>ALWAYS_SEARCH_USER_PATHS</key>
				<string>NO</string>
				<key>COMBINE_HIDPI_IMAGES</key>
				<string>YES</string>
				<key>COPY_PHASE_STRIP</key>
				<string>YES</string>
				<key>DEBUG_INFORMATION_FORMAT</key>
				<string>dwarf-with-dsym</string>
				<key>GCC_ENABLE_OBJC_EXCEPTIONS</key>
				<string>YES</string>
				<key>GCC_PRECOMPILE_PREFIX_HEADER</key>
				<string>YES</string>
				<key>GCC_PREFIX_HEADER</key>
				<string>Another/Another-Prefix.pch</string>
				<key>INFOPLIST_FILE</key>
				<string>Another/Another-Info.plist</string>
				<key>PRODUCT_NAME</key>
				<string>$(TARGET_NAME)</string>
				<key>WRAPPER_EXTENSION</key>
				<string>app</string>
			</dict>
			<key>isa</key>
			<string>XCBuildConfiguration</string>
			<key>name</key>
			<string>Release</string>
		</dict>
		<key>9EEC44CB13574A0B00615446</key>
		<dict>
			<key>isa</key>
			<string>PBXFileReference</string>
			<key>lastKnownFileType</key>
			<string>folder</string>
			<key>name</key>
			<string>CappuccinoResources</string>
			<key>path</key>
			<string>Resources</string>
			<key>sourceTree</key>
			<string>&lt;group&gt;</string>
		</dict>
		<key>9EEC44CC13574A0B00615446</key>
		<dict>
			<key>fileRef</key>
			<string>9EEC44CB13574A0B00615446</string>
			<key>isa</key>
			<string>PBXBuildFile</string>
		</dict>
		<key>F7B045A2B5801CC7BC4C6D50</key>
		<dict>
			<key>isa</key>
			<string>PBXFileReference</string>
			<key>lastKnownFileType</key>
			<string>sourcecode.c.h</string>
			<key>name</key>
			<string>xcc_general_include.h</string>
			<key>path</key>
			<string>.XcodeSupport/xcc_general_include.h</string>
			<key>sourceTree</key>
			<string>SOURCE_ROOT</string>
		</dict>
	</dict>
	<key>rootObject</key>
	<string>9EEC448A135749D200615446</string>
</dict>
</plist>
